// !$*UTF8*$!
{
	archiveVersion = 1;
	classes = {
	};
	objectVersion = 50;
	objects = {

/* Begin PBXBuildFile section */
		46302B8022033A610051714F /* MainTabVC.swift in Sources */ = {isa = PBXBuildFile; fileRef = 46302B7F22033A610051714F /* MainTabVC.swift */; };
		46302B8222033F1A0051714F /* FeedVC.swift in Sources */ = {isa = PBXBuildFile; fileRef = 46302B8122033F1A0051714F /* FeedVC.swift */; };
		46302B8422033F580051714F /* SearchVC.swift in Sources */ = {isa = PBXBuildFile; fileRef = 46302B8322033F580051714F /* SearchVC.swift */; };
		46302B8622033F830051714F /* UploadPostVC.swift in Sources */ = {isa = PBXBuildFile; fileRef = 46302B8522033F830051714F /* UploadPostVC.swift */; };
		46302B8822033FBA0051714F /* NotificaitonsVC.swift in Sources */ = {isa = PBXBuildFile; fileRef = 46302B8722033FBA0051714F /* NotificaitonsVC.swift */; };
		463EFFC8219EE69A00E13CB0 /* AppDelegate.swift in Sources */ = {isa = PBXBuildFile; fileRef = 463EFFC7219EE69A00E13CB0 /* AppDelegate.swift */; };
		463EFFCD219EE69A00E13CB0 /* Main.storyboard in Resources */ = {isa = PBXBuildFile; fileRef = 463EFFCB219EE69A00E13CB0 /* Main.storyboard */; };
		463EFFCF219EE69A00E13CB0 /* Assets.xcassets in Resources */ = {isa = PBXBuildFile; fileRef = 463EFFCE219EE69A00E13CB0 /* Assets.xcassets */; };
		463EFFD2219EE69A00E13CB0 /* LaunchScreen.storyboard in Resources */ = {isa = PBXBuildFile; fileRef = 463EFFD0219EE69A00E13CB0 /* LaunchScreen.storyboard */; };
		463EFFDD219EE69A00E13CB0 /* InstaTests.swift in Sources */ = {isa = PBXBuildFile; fileRef = 463EFFDC219EE69A00E13CB0 /* InstaTests.swift */; };
		463EFFE8219EE69B00E13CB0 /* InstaUITests.swift in Sources */ = {isa = PBXBuildFile; fileRef = 463EFFE7219EE69B00E13CB0 /* InstaUITests.swift */; };
		4645ED9A220CA353009F6F43 /* UserSQL.swift in Sources */ = {isa = PBXBuildFile; fileRef = 4645ED98220CA353009F6F43 /* UserSQL.swift */; };
		4645ED9B220CA353009F6F43 /* PostSQL.swift in Sources */ = {isa = PBXBuildFile; fileRef = 4645ED99220CA353009F6F43 /* PostSQL.swift */; };
		466C202F220C70BF008519B0 /* Model.swift in Sources */ = {isa = PBXBuildFile; fileRef = 466C202E220C70BF008519B0 /* Model.swift */; };
		466C203A220C973E008519B0 /* ModelSql.swift in Sources */ = {isa = PBXBuildFile; fileRef = 466C2037220C973E008519B0 /* ModelSql.swift */; };
		466C203B220C973E008519B0 /* LastUpdateDates.swift in Sources */ = {isa = PBXBuildFile; fileRef = 466C2038220C973E008519B0 /* LastUpdateDates.swift */; };
		466C203E220C9751008519B0 /* ModelNotification.swift in Sources */ = {isa = PBXBuildFile; fileRef = 466C203D220C9750008519B0 /* ModelNotification.swift */; };
		466C2040220C98DE008519B0 /* SQLiteProtocol.swift in Sources */ = {isa = PBXBuildFile; fileRef = 466C203F220C98DE008519B0 /* SQLiteProtocol.swift */; };
		46DD8810220708E60068B68D /* CommentVC.swift in Sources */ = {isa = PBXBuildFile; fileRef = 46DD880F220708E60068B68D /* CommentVC.swift */; };
		46DD8812220709250068B68D /* CommentTVCell.swift in Sources */ = {isa = PBXBuildFile; fileRef = 46DD8811220709250068B68D /* CommentTVCell.swift */; };
		46DD8814220731070068B68D /* Comment.swift in Sources */ = {isa = PBXBuildFile; fileRef = 46DD8813220731070068B68D /* Comment.swift */; };
		46DD8816220773C10068B68D /* PostApi.swift in Sources */ = {isa = PBXBuildFile; fileRef = 46DD8815220773C10068B68D /* PostApi.swift */; };
		46DD8818220776080068B68D /* UserApi.swift in Sources */ = {isa = PBXBuildFile; fileRef = 46DD8817220776080068B68D /* UserApi.swift */; };
		46DD881A220777A40068B68D /* Api.swift in Sources */ = {isa = PBXBuildFile; fileRef = 46DD8819220777A40068B68D /* Api.swift */; };
		46DD881C2207784A0068B68D /* CommentApi.swift in Sources */ = {isa = PBXBuildFile; fileRef = 46DD881B2207784A0068B68D /* CommentApi.swift */; };
		46DD881E22077C590068B68D /* Post_CommentApi.swift in Sources */ = {isa = PBXBuildFile; fileRef = 46DD881D22077C590068B68D /* Post_CommentApi.swift */; };
		46DD88212208A6940068B68D /* UserProfileVC.swift in Sources */ = {isa = PBXBuildFile; fileRef = 46DD88202208A6940068B68D /* UserProfileVC.swift */; };
		46F14F1D21A40CAF00FC1CA3 /* GoogleService-Info.plist in Resources */ = {isa = PBXBuildFile; fileRef = 46F14F1C21A40CAF00FC1CA3 /* GoogleService-Info.plist */; };
		4AB4D1173CB82C6DC0C0B5A2 /* Pods_InstaUITests.framework in Frameworks */ = {isa = PBXBuildFile; fileRef = 3AF6BEFB85ECD042F41519AD /* Pods_InstaUITests.framework */; };
		84554C3C2209AD9900158367 /* UserPostsApi.swift in Sources */ = {isa = PBXBuildFile; fileRef = 84554C3B2209AD9900158367 /* UserPostsApi.swift */; };
		84554C3E2209C2F000158367 /* PhotoCollectionViewCell.swift in Sources */ = {isa = PBXBuildFile; fileRef = 84554C3D2209C2F000158367 /* PhotoCollectionViewCell.swift */; };
		84554C412209DF0C00158367 /* AuthService.swift in Sources */ = {isa = PBXBuildFile; fileRef = 84554C402209DF0B00158367 /* AuthService.swift */; };
		848AE050220A0CBE00F1B0FC /* PeopleVC.swift in Sources */ = {isa = PBXBuildFile; fileRef = 848AE04F220A0CBD00F1B0FC /* PeopleVC.swift */; };
		848AE052220A0CFE00F1B0FC /* PeopleTableViewCell.swift in Sources */ = {isa = PBXBuildFile; fileRef = 848AE051220A0CFE00F1B0FC /* PeopleTableViewCell.swift */; };
		848AE054220A151900F1B0FC /* FollowApi.swift in Sources */ = {isa = PBXBuildFile; fileRef = 848AE053220A151900F1B0FC /* FollowApi.swift */; };
		848AE056220A30F100F1B0FC /* FeedApi.swift in Sources */ = {isa = PBXBuildFile; fileRef = 848AE055220A30F100F1B0FC /* FeedApi.swift */; };
		848AE058220A393900F1B0FC /* DiscoverVC.swift in Sources */ = {isa = PBXBuildFile; fileRef = 848AE057220A393900F1B0FC /* DiscoverVC.swift */; };
		84A0BC08220B0F87009C431D /* VisitProfileVC.swift in Sources */ = {isa = PBXBuildFile; fileRef = 84A0BC07220B0F87009C431D /* VisitProfileVC.swift */; };
		84A0BC0A220B3D11009C431D /* SettingsTableVC.swift in Sources */ = {isa = PBXBuildFile; fileRef = 84A0BC09220B3D11009C431D /* SettingsTableVC.swift */; };
		84A0BC0C220B567E009C431D /* DetailVC.swift in Sources */ = {isa = PBXBuildFile; fileRef = 84A0BC0B220B567E009C431D /* DetailVC.swift */; };
		84B01D3C2209ED3C007681EB /* HelperService.swift in Sources */ = {isa = PBXBuildFile; fileRef = 84B01D3B2209ED3C007681EB /* HelperService.swift */; };
		84BCA68D22007DF100525C17 /* signInVC.swift in Sources */ = {isa = PBXBuildFile; fileRef = 84BCA68C22007DF100525C17 /* signInVC.swift */; };
		84BCA68F22007E3600525C17 /* signUpVC.swift in Sources */ = {isa = PBXBuildFile; fileRef = 84BCA68E22007E3600525C17 /* signUpVC.swift */; };
		84C4E22722059DD800F67686 /* Log.storyboard in Resources */ = {isa = PBXBuildFile; fileRef = 84C4E22622059DD800F67686 /* Log.storyboard */; };
		84C4E22D2205C67C00F67686 /* Feed.storyboard in Resources */ = {isa = PBXBuildFile; fileRef = 84C4E22C2205C67C00F67686 /* Feed.storyboard */; };
		84C4E22F2205C71800F67686 /* Search.storyboard in Resources */ = {isa = PBXBuildFile; fileRef = 84C4E22E2205C71800F67686 /* Search.storyboard */; };
		84C4E2312205C83800F67686 /* Camera.storyboard in Resources */ = {isa = PBXBuildFile; fileRef = 84C4E2302205C83800F67686 /* Camera.storyboard */; };
		84C4E2332205C8D200F67686 /* Notification.storyboard in Resources */ = {isa = PBXBuildFile; fileRef = 84C4E2322205C8D200F67686 /* Notification.storyboard */; };
		84C4E2352205C8F800F67686 /* Profile.storyboard in Resources */ = {isa = PBXBuildFile; fileRef = 84C4E2342205C8F800F67686 /* Profile.storyboard */; };
		84CEE09222060768003D1B73 /* Post.swift in Sources */ = {isa = PBXBuildFile; fileRef = 84CEE09122060768003D1B73 /* Post.swift */; };
		84CEE09D22062863003D1B73 /* FeedCellVC.swift in Sources */ = {isa = PBXBuildFile; fileRef = 84CEE09C22062863003D1B73 /* FeedCellVC.swift */; };
		84CEE0A022063868003D1B73 /* User.swift in Sources */ = {isa = PBXBuildFile; fileRef = 84CEE09F22063868003D1B73 /* User.swift */; };
		84CEE0A22208D881003D1B73 /* HeaderProfileCollectionReusableView.swift in Sources */ = {isa = PBXBuildFile; fileRef = 84CEE0A12208D881003D1B73 /* HeaderProfileCollectionReusableView.swift */; };
		CE0D84753934BA3C6B72882D /* Pods_InstaTests.framework in Frameworks */ = {isa = PBXBuildFile; fileRef = 994417D40DC470FEA5991B3C /* Pods_InstaTests.framework */; };
		D1824CC7AF80F68BE7FE04CE /* Pods_Insta.framework in Frameworks */ = {isa = PBXBuildFile; fileRef = FC818AFABE6A5C9493189F59 /* Pods_Insta.framework */; };
/* End PBXBuildFile section */

/* Begin PBXContainerItemProxy section */
		463EFFD9219EE69A00E13CB0 /* PBXContainerItemProxy */ = {
			isa = PBXContainerItemProxy;
			containerPortal = 463EFFBC219EE69A00E13CB0 /* Project object */;
			proxyType = 1;
			remoteGlobalIDString = 463EFFC3219EE69A00E13CB0;
			remoteInfo = Insta;
		};
		463EFFE4219EE69B00E13CB0 /* PBXContainerItemProxy */ = {
			isa = PBXContainerItemProxy;
			containerPortal = 463EFFBC219EE69A00E13CB0 /* Project object */;
			proxyType = 1;
			remoteGlobalIDString = 463EFFC3219EE69A00E13CB0;
			remoteInfo = Insta;
		};
/* End PBXContainerItemProxy section */

/* Begin PBXFileReference section */
		252572DBD688E520714814A0 /* Pods-InstaUITests.debug.xcconfig */ = {isa = PBXFileReference; includeInIndex = 1; lastKnownFileType = text.xcconfig; name = "Pods-InstaUITests.debug.xcconfig"; path = "Pods/Target Support Files/Pods-InstaUITests/Pods-InstaUITests.debug.xcconfig"; sourceTree = "<group>"; };
		3AF6BEFB85ECD042F41519AD /* Pods_InstaUITests.framework */ = {isa = PBXFileReference; explicitFileType = wrapper.framework; includeInIndex = 0; path = Pods_InstaUITests.framework; sourceTree = BUILT_PRODUCTS_DIR; };
		46302B7F22033A610051714F /* MainTabVC.swift */ = {isa = PBXFileReference; lastKnownFileType = sourcecode.swift; path = MainTabVC.swift; sourceTree = "<group>"; };
		46302B8122033F1A0051714F /* FeedVC.swift */ = {isa = PBXFileReference; lastKnownFileType = sourcecode.swift; path = FeedVC.swift; sourceTree = "<group>"; };
		46302B8322033F580051714F /* SearchVC.swift */ = {isa = PBXFileReference; lastKnownFileType = sourcecode.swift; path = SearchVC.swift; sourceTree = "<group>"; };
		46302B8522033F830051714F /* UploadPostVC.swift */ = {isa = PBXFileReference; lastKnownFileType = sourcecode.swift; path = UploadPostVC.swift; sourceTree = "<group>"; };
		46302B8722033FBA0051714F /* NotificaitonsVC.swift */ = {isa = PBXFileReference; lastKnownFileType = sourcecode.swift; path = NotificaitonsVC.swift; sourceTree = "<group>"; };
		463EFFC4219EE69A00E13CB0 /* Insta.app */ = {isa = PBXFileReference; explicitFileType = wrapper.application; includeInIndex = 0; path = Insta.app; sourceTree = BUILT_PRODUCTS_DIR; };
		463EFFC7219EE69A00E13CB0 /* AppDelegate.swift */ = {isa = PBXFileReference; lastKnownFileType = sourcecode.swift; path = AppDelegate.swift; sourceTree = "<group>"; };
		463EFFCC219EE69A00E13CB0 /* Base */ = {isa = PBXFileReference; lastKnownFileType = file.storyboard; name = Base; path = Base.lproj/Main.storyboard; sourceTree = "<group>"; };
		463EFFCE219EE69A00E13CB0 /* Assets.xcassets */ = {isa = PBXFileReference; lastKnownFileType = folder.assetcatalog; path = Assets.xcassets; sourceTree = "<group>"; };
		463EFFD1219EE69A00E13CB0 /* Base */ = {isa = PBXFileReference; lastKnownFileType = file.storyboard; name = Base; path = Base.lproj/LaunchScreen.storyboard; sourceTree = "<group>"; };
		463EFFD3219EE69A00E13CB0 /* Info.plist */ = {isa = PBXFileReference; lastKnownFileType = text.plist.xml; path = Info.plist; sourceTree = "<group>"; };
		463EFFD8219EE69A00E13CB0 /* InstaTests.xctest */ = {isa = PBXFileReference; explicitFileType = wrapper.cfbundle; includeInIndex = 0; path = InstaTests.xctest; sourceTree = BUILT_PRODUCTS_DIR; };
		463EFFDC219EE69A00E13CB0 /* InstaTests.swift */ = {isa = PBXFileReference; lastKnownFileType = sourcecode.swift; path = InstaTests.swift; sourceTree = "<group>"; };
		463EFFDE219EE69B00E13CB0 /* Info.plist */ = {isa = PBXFileReference; lastKnownFileType = text.plist.xml; path = Info.plist; sourceTree = "<group>"; };
		463EFFE3219EE69B00E13CB0 /* InstaUITests.xctest */ = {isa = PBXFileReference; explicitFileType = wrapper.cfbundle; includeInIndex = 0; path = InstaUITests.xctest; sourceTree = BUILT_PRODUCTS_DIR; };
		463EFFE7219EE69B00E13CB0 /* InstaUITests.swift */ = {isa = PBXFileReference; lastKnownFileType = sourcecode.swift; path = InstaUITests.swift; sourceTree = "<group>"; };
		463EFFE9219EE69B00E13CB0 /* Info.plist */ = {isa = PBXFileReference; lastKnownFileType = text.plist.xml; path = Info.plist; sourceTree = "<group>"; };
		4645ED98220CA353009F6F43 /* UserSQL.swift */ = {isa = PBXFileReference; fileEncoding = 4; lastKnownFileType = sourcecode.swift; path = UserSQL.swift; sourceTree = "<group>"; };
		4645ED99220CA353009F6F43 /* PostSQL.swift */ = {isa = PBXFileReference; fileEncoding = 4; lastKnownFileType = sourcecode.swift; path = PostSQL.swift; sourceTree = "<group>"; };
		466C202E220C70BF008519B0 /* Model.swift */ = {isa = PBXFileReference; lastKnownFileType = sourcecode.swift; path = Model.swift; sourceTree = "<group>"; };
		466C2037220C973E008519B0 /* ModelSql.swift */ = {isa = PBXFileReference; fileEncoding = 4; lastKnownFileType = sourcecode.swift; path = ModelSql.swift; sourceTree = "<group>"; };
		466C2038220C973E008519B0 /* LastUpdateDates.swift */ = {isa = PBXFileReference; fileEncoding = 4; lastKnownFileType = sourcecode.swift; path = LastUpdateDates.swift; sourceTree = "<group>"; };
		466C203D220C9750008519B0 /* ModelNotification.swift */ = {isa = PBXFileReference; fileEncoding = 4; lastKnownFileType = sourcecode.swift; path = ModelNotification.swift; sourceTree = "<group>"; };
		466C203F220C98DE008519B0 /* SQLiteProtocol.swift */ = {isa = PBXFileReference; fileEncoding = 4; lastKnownFileType = sourcecode.swift; path = SQLiteProtocol.swift; sourceTree = "<group>"; };
		46DD880F220708E60068B68D /* CommentVC.swift */ = {isa = PBXFileReference; lastKnownFileType = sourcecode.swift; path = CommentVC.swift; sourceTree = "<group>"; };
		46DD8811220709250068B68D /* CommentTVCell.swift */ = {isa = PBXFileReference; lastKnownFileType = sourcecode.swift; path = CommentTVCell.swift; sourceTree = "<group>"; };
		46DD8813220731070068B68D /* Comment.swift */ = {isa = PBXFileReference; lastKnownFileType = sourcecode.swift; path = Comment.swift; sourceTree = "<group>"; };
		46DD8815220773C10068B68D /* PostApi.swift */ = {isa = PBXFileReference; lastKnownFileType = sourcecode.swift; path = PostApi.swift; sourceTree = "<group>"; };
		46DD8817220776080068B68D /* UserApi.swift */ = {isa = PBXFileReference; lastKnownFileType = sourcecode.swift; path = UserApi.swift; sourceTree = "<group>"; };
		46DD8819220777A40068B68D /* Api.swift */ = {isa = PBXFileReference; lastKnownFileType = sourcecode.swift; path = Api.swift; sourceTree = "<group>"; };
		46DD881B2207784A0068B68D /* CommentApi.swift */ = {isa = PBXFileReference; lastKnownFileType = sourcecode.swift; path = CommentApi.swift; sourceTree = "<group>"; };
		46DD881D22077C590068B68D /* Post_CommentApi.swift */ = {isa = PBXFileReference; lastKnownFileType = sourcecode.swift; path = Post_CommentApi.swift; sourceTree = "<group>"; };
		46DD88202208A6940068B68D /* UserProfileVC.swift */ = {isa = PBXFileReference; lastKnownFileType = sourcecode.swift; path = UserProfileVC.swift; sourceTree = "<group>"; };
		46F14F1C21A40CAF00FC1CA3 /* GoogleService-Info.plist */ = {isa = PBXFileReference; fileEncoding = 4; lastKnownFileType = text.plist.xml; path = "GoogleService-Info.plist"; sourceTree = "<group>"; };
		81E5A92D3578F5047CC1A534 /* Pods-InstaTests.debug.xcconfig */ = {isa = PBXFileReference; includeInIndex = 1; lastKnownFileType = text.xcconfig; name = "Pods-InstaTests.debug.xcconfig"; path = "Pods/Target Support Files/Pods-InstaTests/Pods-InstaTests.debug.xcconfig"; sourceTree = "<group>"; };
		84554C3B2209AD9900158367 /* UserPostsApi.swift */ = {isa = PBXFileReference; lastKnownFileType = sourcecode.swift; path = UserPostsApi.swift; sourceTree = "<group>"; };
		84554C3D2209C2F000158367 /* PhotoCollectionViewCell.swift */ = {isa = PBXFileReference; lastKnownFileType = sourcecode.swift; path = PhotoCollectionViewCell.swift; sourceTree = "<group>"; };
		84554C402209DF0B00158367 /* AuthService.swift */ = {isa = PBXFileReference; lastKnownFileType = sourcecode.swift; path = AuthService.swift; sourceTree = "<group>"; };
		848AE04F220A0CBD00F1B0FC /* PeopleVC.swift */ = {isa = PBXFileReference; lastKnownFileType = sourcecode.swift; path = PeopleVC.swift; sourceTree = "<group>"; };
		848AE051220A0CFE00F1B0FC /* PeopleTableViewCell.swift */ = {isa = PBXFileReference; lastKnownFileType = sourcecode.swift; path = PeopleTableViewCell.swift; sourceTree = "<group>"; };
		848AE053220A151900F1B0FC /* FollowApi.swift */ = {isa = PBXFileReference; lastKnownFileType = sourcecode.swift; path = FollowApi.swift; sourceTree = "<group>"; };
		848AE055220A30F100F1B0FC /* FeedApi.swift */ = {isa = PBXFileReference; lastKnownFileType = sourcecode.swift; path = FeedApi.swift; sourceTree = "<group>"; };
		848AE057220A393900F1B0FC /* DiscoverVC.swift */ = {isa = PBXFileReference; lastKnownFileType = sourcecode.swift; path = DiscoverVC.swift; sourceTree = "<group>"; };
		84A0BC07220B0F87009C431D /* VisitProfileVC.swift */ = {isa = PBXFileReference; lastKnownFileType = sourcecode.swift; path = VisitProfileVC.swift; sourceTree = "<group>"; };
		84A0BC09220B3D11009C431D /* SettingsTableVC.swift */ = {isa = PBXFileReference; lastKnownFileType = sourcecode.swift; path = SettingsTableVC.swift; sourceTree = "<group>"; };
		84A0BC0B220B567E009C431D /* DetailVC.swift */ = {isa = PBXFileReference; lastKnownFileType = sourcecode.swift; path = DetailVC.swift; sourceTree = "<group>"; };
		84B01D3B2209ED3C007681EB /* HelperService.swift */ = {isa = PBXFileReference; lastKnownFileType = sourcecode.swift; path = HelperService.swift; sourceTree = "<group>"; };
		84BCA68C22007DF100525C17 /* signInVC.swift */ = {isa = PBXFileReference; lastKnownFileType = sourcecode.swift; path = signInVC.swift; sourceTree = "<group>"; };
		84BCA68E22007E3600525C17 /* signUpVC.swift */ = {isa = PBXFileReference; lastKnownFileType = sourcecode.swift; path = signUpVC.swift; sourceTree = "<group>"; };
		84C4E22622059DD800F67686 /* Log.storyboard */ = {isa = PBXFileReference; lastKnownFileType = file.storyboard; path = Log.storyboard; sourceTree = "<group>"; };
		84C4E22C2205C67C00F67686 /* Feed.storyboard */ = {isa = PBXFileReference; fileEncoding = 4; lastKnownFileType = file.storyboard; path = Feed.storyboard; sourceTree = "<group>"; };
		84C4E22E2205C71800F67686 /* Search.storyboard */ = {isa = PBXFileReference; fileEncoding = 4; lastKnownFileType = file.storyboard; path = Search.storyboard; sourceTree = "<group>"; };
		84C4E2302205C83800F67686 /* Camera.storyboard */ = {isa = PBXFileReference; fileEncoding = 4; lastKnownFileType = file.storyboard; path = Camera.storyboard; sourceTree = "<group>"; };
		84C4E2322205C8D200F67686 /* Notification.storyboard */ = {isa = PBXFileReference; fileEncoding = 4; lastKnownFileType = file.storyboard; path = Notification.storyboard; sourceTree = "<group>"; };
		84C4E2342205C8F800F67686 /* Profile.storyboard */ = {isa = PBXFileReference; fileEncoding = 4; lastKnownFileType = file.storyboard; path = Profile.storyboard; sourceTree = "<group>"; };
		84CEE09122060768003D1B73 /* Post.swift */ = {isa = PBXFileReference; lastKnownFileType = sourcecode.swift; path = Post.swift; sourceTree = "<group>"; };
		84CEE09322060925003D1B73 /* Insta-Bridging-Header.h */ = {isa = PBXFileReference; fileEncoding = 4; lastKnownFileType = sourcecode.c.h; path = "Insta-Bridging-Header.h"; sourceTree = "<group>"; };
		84CEE09C22062863003D1B73 /* FeedCellVC.swift */ = {isa = PBXFileReference; lastKnownFileType = sourcecode.swift; path = FeedCellVC.swift; sourceTree = "<group>"; };
		84CEE09F22063868003D1B73 /* User.swift */ = {isa = PBXFileReference; lastKnownFileType = sourcecode.swift; path = User.swift; sourceTree = "<group>"; };
		84CEE0A12208D881003D1B73 /* HeaderProfileCollectionReusableView.swift */ = {isa = PBXFileReference; lastKnownFileType = sourcecode.swift; path = HeaderProfileCollectionReusableView.swift; sourceTree = "<group>"; };
		994417D40DC470FEA5991B3C /* Pods_InstaTests.framework */ = {isa = PBXFileReference; explicitFileType = wrapper.framework; includeInIndex = 0; path = Pods_InstaTests.framework; sourceTree = BUILT_PRODUCTS_DIR; };
		A0A0F810D472E5A6BA45F97B /* Pods-Insta.debug.xcconfig */ = {isa = PBXFileReference; includeInIndex = 1; lastKnownFileType = text.xcconfig; name = "Pods-Insta.debug.xcconfig"; path = "Pods/Target Support Files/Pods-Insta/Pods-Insta.debug.xcconfig"; sourceTree = "<group>"; };
		B9C0E6CD77F8368873386CA3 /* Pods-InstaUITests.release.xcconfig */ = {isa = PBXFileReference; includeInIndex = 1; lastKnownFileType = text.xcconfig; name = "Pods-InstaUITests.release.xcconfig"; path = "Pods/Target Support Files/Pods-InstaUITests/Pods-InstaUITests.release.xcconfig"; sourceTree = "<group>"; };
		C5B4AF57A7D01B070676D812 /* Pods-Insta.release.xcconfig */ = {isa = PBXFileReference; includeInIndex = 1; lastKnownFileType = text.xcconfig; name = "Pods-Insta.release.xcconfig"; path = "Pods/Target Support Files/Pods-Insta/Pods-Insta.release.xcconfig"; sourceTree = "<group>"; };
		D791EF4C10AD91D300A391C1 /* Pods-InstaTests.release.xcconfig */ = {isa = PBXFileReference; includeInIndex = 1; lastKnownFileType = text.xcconfig; name = "Pods-InstaTests.release.xcconfig"; path = "Pods/Target Support Files/Pods-InstaTests/Pods-InstaTests.release.xcconfig"; sourceTree = "<group>"; };
		FC818AFABE6A5C9493189F59 /* Pods_Insta.framework */ = {isa = PBXFileReference; explicitFileType = wrapper.framework; includeInIndex = 0; path = Pods_Insta.framework; sourceTree = BUILT_PRODUCTS_DIR; };
/* End PBXFileReference section */

/* Begin PBXFrameworksBuildPhase section */
		463EFFC1219EE69A00E13CB0 /* Frameworks */ = {
			isa = PBXFrameworksBuildPhase;
			buildActionMask = 2147483647;
			files = (
				D1824CC7AF80F68BE7FE04CE /* Pods_Insta.framework in Frameworks */,
			);
			runOnlyForDeploymentPostprocessing = 0;
		};
		463EFFD5219EE69A00E13CB0 /* Frameworks */ = {
			isa = PBXFrameworksBuildPhase;
			buildActionMask = 2147483647;
			files = (
				CE0D84753934BA3C6B72882D /* Pods_InstaTests.framework in Frameworks */,
			);
			runOnlyForDeploymentPostprocessing = 0;
		};
		463EFFE0219EE69B00E13CB0 /* Frameworks */ = {
			isa = PBXFrameworksBuildPhase;
			buildActionMask = 2147483647;
			files = (
				4AB4D1173CB82C6DC0C0B5A2 /* Pods_InstaUITests.framework in Frameworks */,
			);
			runOnlyForDeploymentPostprocessing = 0;
		};
/* End PBXFrameworksBuildPhase section */

/* Begin PBXGroup section */
		46302B7E220338120051714F /* ViewController */ = {
			isa = PBXGroup;
			children = (
				46DD880F220708E60068B68D /* CommentVC.swift */,
				848AE057220A393900F1B0FC /* DiscoverVC.swift */,
				46302B8122033F1A0051714F /* FeedVC.swift */,
				46302B7F22033A610051714F /* MainTabVC.swift */,
				46302B8722033FBA0051714F /* NotificaitonsVC.swift */,
				848AE04F220A0CBD00F1B0FC /* PeopleVC.swift */,
				46302B8322033F580051714F /* SearchVC.swift */,
				84BCA68C22007DF100525C17 /* signInVC.swift */,
				84BCA68E22007E3600525C17 /* signUpVC.swift */,
				46302B8522033F830051714F /* UploadPostVC.swift */,
				46DD88202208A6940068B68D /* UserProfileVC.swift */,
				84A0BC07220B0F87009C431D /* VisitProfileVC.swift */,
				84A0BC09220B3D11009C431D /* SettingsTableVC.swift */,
				84A0BC0B220B567E009C431D /* DetailVC.swift */,
			);
			path = ViewController;
			sourceTree = "<group>";
		};
		463EFFBB219EE69A00E13CB0 = {
			isa = PBXGroup;
			children = (
				463EFFC6219EE69A00E13CB0 /* Insta */,
				463EFFDB219EE69A00E13CB0 /* InstaTests */,
				463EFFE6219EE69B00E13CB0 /* InstaUITests */,
				463EFFC5219EE69A00E13CB0 /* Products */,
				4BE852310A9F00FCEF54159E /* Pods */,
				F327B5BB73DE20521311A87B /* Frameworks */,
			);
			sourceTree = "<group>";
		};
		463EFFC5219EE69A00E13CB0 /* Products */ = {
			isa = PBXGroup;
			children = (
				463EFFC4219EE69A00E13CB0 /* Insta.app */,
				463EFFD8219EE69A00E13CB0 /* InstaTests.xctest */,
				463EFFE3219EE69B00E13CB0 /* InstaUITests.xctest */,
			);
			name = Products;
			sourceTree = "<group>";
		};
		463EFFC6219EE69A00E13CB0 /* Insta */ = {
			isa = PBXGroup;
			children = (
				84B01D3F2209FB9D007681EB /* Controller */,
				84CEE0902206072E003D1B73 /* Model */,
				84B01D3E2209F8C9007681EB /* View */,
				46302B7E220338120051714F /* ViewController */,
				84BCA68B22007D2300525C17 /* Storyboards */,
				46F14F1C21A40CAF00FC1CA3 /* GoogleService-Info.plist */,
				463EFFD3219EE69A00E13CB0 /* Info.plist */,
				463EFFC7219EE69A00E13CB0 /* AppDelegate.swift */,
				84CEE09322060925003D1B73 /* Insta-Bridging-Header.h */,
				463EFFCE219EE69A00E13CB0 /* Assets.xcassets */,
			);
			path = Insta;
			sourceTree = "<group>";
		};
		463EFFDB219EE69A00E13CB0 /* InstaTests */ = {
			isa = PBXGroup;
			children = (
				463EFFDC219EE69A00E13CB0 /* InstaTests.swift */,
				463EFFDE219EE69B00E13CB0 /* Info.plist */,
			);
			path = InstaTests;
			sourceTree = "<group>";
		};
		463EFFE6219EE69B00E13CB0 /* InstaUITests */ = {
			isa = PBXGroup;
			children = (
				463EFFE7219EE69B00E13CB0 /* InstaUITests.swift */,
				463EFFE9219EE69B00E13CB0 /* Info.plist */,
			);
			path = InstaUITests;
			sourceTree = "<group>";
		};
		466C2030220C71FE008519B0 /* SQLite */ = {
			isa = PBXGroup;
			children = (
				4645ED99220CA353009F6F43 /* PostSQL.swift */,
				4645ED98220CA353009F6F43 /* UserSQL.swift */,
				466C203F220C98DE008519B0 /* SQLiteProtocol.swift */,
				466C2038220C973E008519B0 /* LastUpdateDates.swift */,
				466C2037220C973E008519B0 /* ModelSql.swift */,
			);
			path = SQLite;
			sourceTree = "<group>";
		};
		4BE852310A9F00FCEF54159E /* Pods */ = {
			isa = PBXGroup;
			children = (
				A0A0F810D472E5A6BA45F97B /* Pods-Insta.debug.xcconfig */,
				C5B4AF57A7D01B070676D812 /* Pods-Insta.release.xcconfig */,
				81E5A92D3578F5047CC1A534 /* Pods-InstaTests.debug.xcconfig */,
				D791EF4C10AD91D300A391C1 /* Pods-InstaTests.release.xcconfig */,
				252572DBD688E520714814A0 /* Pods-InstaUITests.debug.xcconfig */,
				B9C0E6CD77F8368873386CA3 /* Pods-InstaUITests.release.xcconfig */,
			);
			name = Pods;
			sourceTree = "<group>";
		};
		84B01D3E2209F8C9007681EB /* View */ = {
			isa = PBXGroup;
			children = (
				46DD8811220709250068B68D /* CommentTVCell.swift */,
				84CEE09C22062863003D1B73 /* FeedCellVC.swift */,
				84CEE0A12208D881003D1B73 /* HeaderProfileCollectionReusableView.swift */,
				848AE051220A0CFE00F1B0FC /* PeopleTableViewCell.swift */,
				84554C3D2209C2F000158367 /* PhotoCollectionViewCell.swift */,
			);
			path = View;
			sourceTree = "<group>";
		};
		84B01D3F2209FB9D007681EB /* Controller */ = {
			isa = PBXGroup;
			children = (
				466C2030220C71FE008519B0 /* SQLite */,
				84B01D402209FCAF007681EB /* Api */,
				46DD8819220777A40068B68D /* Api.swift */,
				84554C402209DF0B00158367 /* AuthService.swift */,
				84B01D3B2209ED3C007681EB /* HelperService.swift */,
				466C202E220C70BF008519B0 /* Model.swift */,
				466C203D220C9750008519B0 /* ModelNotification.swift */,
			);
			path = Controller;
			sourceTree = "<group>";
		};
		84B01D402209FCAF007681EB /* Api */ = {
			isa = PBXGroup;
			children = (
				46DD881B2207784A0068B68D /* CommentApi.swift */,
				848AE055220A30F100F1B0FC /* FeedApi.swift */,
				848AE053220A151900F1B0FC /* FollowApi.swift */,
				46DD881D22077C590068B68D /* Post_CommentApi.swift */,
				46DD8815220773C10068B68D /* PostApi.swift */,
				46DD8817220776080068B68D /* UserApi.swift */,
				84554C3B2209AD9900158367 /* UserPostsApi.swift */,
			);
			path = Api;
			sourceTree = "<group>";
		};
		84BCA68B22007D2300525C17 /* Storyboards */ = {
			isa = PBXGroup;
			children = (
				84C4E2302205C83800F67686 /* Camera.storyboard */,
				84C4E22C2205C67C00F67686 /* Feed.storyboard */,
				463EFFD0219EE69A00E13CB0 /* LaunchScreen.storyboard */,
				84C4E22622059DD800F67686 /* Log.storyboard */,
				463EFFCB219EE69A00E13CB0 /* Main.storyboard */,
				84C4E2322205C8D200F67686 /* Notification.storyboard */,
				84C4E2342205C8F800F67686 /* Profile.storyboard */,
				84C4E22E2205C71800F67686 /* Search.storyboard */,
			);
			path = Storyboards;
			sourceTree = "<group>";
		};
		84CEE0902206072E003D1B73 /* Model */ = {
			isa = PBXGroup;
			children = (
				84CEE09122060768003D1B73 /* Post.swift */,
				84CEE09F22063868003D1B73 /* User.swift */,
				46DD8813220731070068B68D /* Comment.swift */,
			);
			path = Model;
			sourceTree = "<group>";
		};
		F327B5BB73DE20521311A87B /* Frameworks */ = {
			isa = PBXGroup;
			children = (
				FC818AFABE6A5C9493189F59 /* Pods_Insta.framework */,
				994417D40DC470FEA5991B3C /* Pods_InstaTests.framework */,
				3AF6BEFB85ECD042F41519AD /* Pods_InstaUITests.framework */,
			);
			name = Frameworks;
			sourceTree = "<group>";
		};
/* End PBXGroup section */

/* Begin PBXNativeTarget section */
		463EFFC3219EE69A00E13CB0 /* Insta */ = {
			isa = PBXNativeTarget;
			buildConfigurationList = 463EFFEC219EE69B00E13CB0 /* Build configuration list for PBXNativeTarget "Insta" */;
			buildPhases = (
				24221CB89715F60EEEE0713D /* [CP] Check Pods Manifest.lock */,
				463EFFC0219EE69A00E13CB0 /* Sources */,
				463EFFC1219EE69A00E13CB0 /* Frameworks */,
				463EFFC2219EE69A00E13CB0 /* Resources */,
				0E11410EAD1313DA03225A2A /* [CP] Embed Pods Frameworks */,
				79C45DFCC0904C52646501C0 /* [CP] Copy Pods Resources */,
			);
			buildRules = (
			);
			dependencies = (
			);
			name = Insta;
			productName = Insta;
			productReference = 463EFFC4219EE69A00E13CB0 /* Insta.app */;
			productType = "com.apple.product-type.application";
		};
		463EFFD7219EE69A00E13CB0 /* InstaTests */ = {
			isa = PBXNativeTarget;
			buildConfigurationList = 463EFFEF219EE69B00E13CB0 /* Build configuration list for PBXNativeTarget "InstaTests" */;
			buildPhases = (
				83637E0EAD9F623D17292764 /* [CP] Check Pods Manifest.lock */,
				463EFFD4219EE69A00E13CB0 /* Sources */,
				463EFFD5219EE69A00E13CB0 /* Frameworks */,
				463EFFD6219EE69A00E13CB0 /* Resources */,
			);
			buildRules = (
			);
			dependencies = (
				463EFFDA219EE69A00E13CB0 /* PBXTargetDependency */,
			);
			name = InstaTests;
			productName = InstaTests;
			productReference = 463EFFD8219EE69A00E13CB0 /* InstaTests.xctest */;
			productType = "com.apple.product-type.bundle.unit-test";
		};
		463EFFE2219EE69B00E13CB0 /* InstaUITests */ = {
			isa = PBXNativeTarget;
			buildConfigurationList = 463EFFF2219EE69B00E13CB0 /* Build configuration list for PBXNativeTarget "InstaUITests" */;
			buildPhases = (
				D1A595BA1F8A23AE3161DFAC /* [CP] Check Pods Manifest.lock */,
				463EFFDF219EE69B00E13CB0 /* Sources */,
				463EFFE0219EE69B00E13CB0 /* Frameworks */,
				463EFFE1219EE69B00E13CB0 /* Resources */,
			);
			buildRules = (
			);
			dependencies = (
				463EFFE5219EE69B00E13CB0 /* PBXTargetDependency */,
			);
			name = InstaUITests;
			productName = InstaUITests;
			productReference = 463EFFE3219EE69B00E13CB0 /* InstaUITests.xctest */;
			productType = "com.apple.product-type.bundle.ui-testing";
		};
/* End PBXNativeTarget section */

/* Begin PBXProject section */
		463EFFBC219EE69A00E13CB0 /* Project object */ = {
			isa = PBXProject;
			attributes = {
				LastSwiftUpdateCheck = 1000;
				LastUpgradeCheck = 1000;
				ORGANIZATIONNAME = "Gil Yermiyah";
				TargetAttributes = {
					463EFFC3219EE69A00E13CB0 = {
						CreatedOnToolsVersion = 10.0;
						LastSwiftMigration = 1000;
					};
					463EFFD7219EE69A00E13CB0 = {
						CreatedOnToolsVersion = 10.0;
						TestTargetID = 463EFFC3219EE69A00E13CB0;
					};
					463EFFE2219EE69B00E13CB0 = {
						CreatedOnToolsVersion = 10.0;
						TestTargetID = 463EFFC3219EE69A00E13CB0;
					};
				};
			};
			buildConfigurationList = 463EFFBF219EE69A00E13CB0 /* Build configuration list for PBXProject "Insta" */;
			compatibilityVersion = "Xcode 9.3";
			developmentRegion = en;
			hasScannedForEncodings = 0;
			knownRegions = (
				en,
				Base,
			);
			mainGroup = 463EFFBB219EE69A00E13CB0;
			productRefGroup = 463EFFC5219EE69A00E13CB0 /* Products */;
			projectDirPath = "";
			projectRoot = "";
			targets = (
				463EFFC3219EE69A00E13CB0 /* Insta */,
				463EFFD7219EE69A00E13CB0 /* InstaTests */,
				463EFFE2219EE69B00E13CB0 /* InstaUITests */,
			);
		};
/* End PBXProject section */

/* Begin PBXResourcesBuildPhase section */
		463EFFC2219EE69A00E13CB0 /* Resources */ = {
			isa = PBXResourcesBuildPhase;
			buildActionMask = 2147483647;
			files = (
				463EFFD2219EE69A00E13CB0 /* LaunchScreen.storyboard in Resources */,
				84C4E2312205C83800F67686 /* Camera.storyboard in Resources */,
				84C4E2352205C8F800F67686 /* Profile.storyboard in Resources */,
				84C4E2332205C8D200F67686 /* Notification.storyboard in Resources */,
				46F14F1D21A40CAF00FC1CA3 /* GoogleService-Info.plist in Resources */,
				84C4E22D2205C67C00F67686 /* Feed.storyboard in Resources */,
				463EFFCF219EE69A00E13CB0 /* Assets.xcassets in Resources */,
				84C4E22F2205C71800F67686 /* Search.storyboard in Resources */,
				463EFFCD219EE69A00E13CB0 /* Main.storyboard in Resources */,
				84C4E22722059DD800F67686 /* Log.storyboard in Resources */,
			);
			runOnlyForDeploymentPostprocessing = 0;
		};
		463EFFD6219EE69A00E13CB0 /* Resources */ = {
			isa = PBXResourcesBuildPhase;
			buildActionMask = 2147483647;
			files = (
			);
			runOnlyForDeploymentPostprocessing = 0;
		};
		463EFFE1219EE69B00E13CB0 /* Resources */ = {
			isa = PBXResourcesBuildPhase;
			buildActionMask = 2147483647;
			files = (
			);
			runOnlyForDeploymentPostprocessing = 0;
		};
/* End PBXResourcesBuildPhase section */

/* Begin PBXShellScriptBuildPhase section */
		0E11410EAD1313DA03225A2A /* [CP] Embed Pods Frameworks */ = {
			isa = PBXShellScriptBuildPhase;
			buildActionMask = 2147483647;
			files = (
			);
			inputPaths = (
				"${SRCROOT}/Pods/Target Support Files/Pods-Insta/Pods-Insta-frameworks.sh",
				"${BUILT_PRODUCTS_DIR}/Bolts/Bolts.framework",
				"${BUILT_PRODUCTS_DIR}/BoringSSL-GRPC/openssl_grpc.framework",
				"${BUILT_PRODUCTS_DIR}/FBSDKCoreKit/FBSDKCoreKit.framework",
				"${BUILT_PRODUCTS_DIR}/FBSDKLoginKit/FBSDKLoginKit.framework",
				"${BUILT_PRODUCTS_DIR}/GTMSessionFetcher/GTMSessionFetcher.framework",
				"${BUILT_PRODUCTS_DIR}/GoogleToolboxForMac/GoogleToolboxForMac.framework",
				"${BUILT_PRODUCTS_DIR}/GoogleUtilities/GoogleUtilities.framework",
				"${BUILT_PRODUCTS_DIR}/ProgressHUD/ProgressHUD.framework",
				"${BUILT_PRODUCTS_DIR}/Protobuf/Protobuf.framework",
				"${BUILT_PRODUCTS_DIR}/SDWebImage/SDWebImage.framework",
				"${PODS_ROOT}/TwitterCore/iOS/TwitterCore.framework",
				"${PODS_ROOT}/TwitterKit/iOS/TwitterKit.framework",
				"${BUILT_PRODUCTS_DIR}/gRPC-C++/grpcpp.framework",
				"${BUILT_PRODUCTS_DIR}/gRPC-Core/grpc.framework",
				"${BUILT_PRODUCTS_DIR}/leveldb-library/leveldb.framework",
				"${BUILT_PRODUCTS_DIR}/nanopb/nanopb.framework",
			);
			name = "[CP] Embed Pods Frameworks";
			outputPaths = (
				"${TARGET_BUILD_DIR}/${FRAMEWORKS_FOLDER_PATH}/Bolts.framework",
				"${TARGET_BUILD_DIR}/${FRAMEWORKS_FOLDER_PATH}/openssl_grpc.framework",
				"${TARGET_BUILD_DIR}/${FRAMEWORKS_FOLDER_PATH}/FBSDKCoreKit.framework",
				"${TARGET_BUILD_DIR}/${FRAMEWORKS_FOLDER_PATH}/FBSDKLoginKit.framework",
				"${TARGET_BUILD_DIR}/${FRAMEWORKS_FOLDER_PATH}/GTMSessionFetcher.framework",
				"${TARGET_BUILD_DIR}/${FRAMEWORKS_FOLDER_PATH}/GoogleToolboxForMac.framework",
				"${TARGET_BUILD_DIR}/${FRAMEWORKS_FOLDER_PATH}/GoogleUtilities.framework",
				"${TARGET_BUILD_DIR}/${FRAMEWORKS_FOLDER_PATH}/ProgressHUD.framework",
				"${TARGET_BUILD_DIR}/${FRAMEWORKS_FOLDER_PATH}/Protobuf.framework",
				"${TARGET_BUILD_DIR}/${FRAMEWORKS_FOLDER_PATH}/SDWebImage.framework",
				"${TARGET_BUILD_DIR}/${FRAMEWORKS_FOLDER_PATH}/TwitterCore.framework",
				"${TARGET_BUILD_DIR}/${FRAMEWORKS_FOLDER_PATH}/TwitterKit.framework",
				"${TARGET_BUILD_DIR}/${FRAMEWORKS_FOLDER_PATH}/grpcpp.framework",
				"${TARGET_BUILD_DIR}/${FRAMEWORKS_FOLDER_PATH}/grpc.framework",
				"${TARGET_BUILD_DIR}/${FRAMEWORKS_FOLDER_PATH}/leveldb.framework",
				"${TARGET_BUILD_DIR}/${FRAMEWORKS_FOLDER_PATH}/nanopb.framework",
			);
			runOnlyForDeploymentPostprocessing = 0;
			shellPath = /bin/sh;
			shellScript = "\"${SRCROOT}/Pods/Target Support Files/Pods-Insta/Pods-Insta-frameworks.sh\"\n";
			showEnvVarsInLog = 0;
		};
		24221CB89715F60EEEE0713D /* [CP] Check Pods Manifest.lock */ = {
			isa = PBXShellScriptBuildPhase;
			buildActionMask = 2147483647;
			files = (
			);
			inputPaths = (
				"${PODS_PODFILE_DIR_PATH}/Podfile.lock",
				"${PODS_ROOT}/Manifest.lock",
			);
			name = "[CP] Check Pods Manifest.lock";
			outputPaths = (
				"$(DERIVED_FILE_DIR)/Pods-Insta-checkManifestLockResult.txt",
			);
			runOnlyForDeploymentPostprocessing = 0;
			shellPath = /bin/sh;
			shellScript = "diff \"${PODS_PODFILE_DIR_PATH}/Podfile.lock\" \"${PODS_ROOT}/Manifest.lock\" > /dev/null\nif [ $? != 0 ] ; then\n    # print error to STDERR\n    echo \"error: The sandbox is not in sync with the Podfile.lock. Run 'pod install' or update your CocoaPods installation.\" >&2\n    exit 1\nfi\n# This output is used by Xcode 'outputs' to avoid re-running this script phase.\necho \"SUCCESS\" > \"${SCRIPT_OUTPUT_FILE_0}\"\n";
			showEnvVarsInLog = 0;
		};
		79C45DFCC0904C52646501C0 /* [CP] Copy Pods Resources */ = {
			isa = PBXShellScriptBuildPhase;
			buildActionMask = 2147483647;
			files = (
			);
			inputPaths = (
				"${SRCROOT}/Pods/Target Support Files/Pods-Insta/Pods-Insta-resources.sh",
				"${PODS_CONFIGURATION_BUILD_DIR}/FirebaseUI/FirebaseAnonymousAuthUI.bundle",
				"${PODS_CONFIGURATION_BUILD_DIR}/FirebaseUI/FirebaseAuthUI.bundle",
				"${PODS_CONFIGURATION_BUILD_DIR}/FirebaseUI/FirebaseFacebookAuthUI.bundle",
				"${PODS_CONFIGURATION_BUILD_DIR}/FirebaseUI/FirebaseGoogleAuthUI.bundle",
				"${PODS_CONFIGURATION_BUILD_DIR}/FirebaseUI/FirebasePhoneAuthUI.bundle",
				"${PODS_CONFIGURATION_BUILD_DIR}/FirebaseUI/FirebaseTwitterAuthUI.bundle",
				"${PODS_ROOT}/GoogleSignIn/Resources/GoogleSignIn.bundle",
				"${PODS_ROOT}/TwitterKit/iOS/TwitterKit.framework/TwitterKitResources.bundle",
			);
			name = "[CP] Copy Pods Resources";
			outputPaths = (
				"${TARGET_BUILD_DIR}/${UNLOCALIZED_RESOURCES_FOLDER_PATH}/FirebaseAnonymousAuthUI.bundle",
				"${TARGET_BUILD_DIR}/${UNLOCALIZED_RESOURCES_FOLDER_PATH}/FirebaseAuthUI.bundle",
				"${TARGET_BUILD_DIR}/${UNLOCALIZED_RESOURCES_FOLDER_PATH}/FirebaseFacebookAuthUI.bundle",
				"${TARGET_BUILD_DIR}/${UNLOCALIZED_RESOURCES_FOLDER_PATH}/FirebaseGoogleAuthUI.bundle",
				"${TARGET_BUILD_DIR}/${UNLOCALIZED_RESOURCES_FOLDER_PATH}/FirebasePhoneAuthUI.bundle",
				"${TARGET_BUILD_DIR}/${UNLOCALIZED_RESOURCES_FOLDER_PATH}/FirebaseTwitterAuthUI.bundle",
				"${TARGET_BUILD_DIR}/${UNLOCALIZED_RESOURCES_FOLDER_PATH}/GoogleSignIn.bundle",
				"${TARGET_BUILD_DIR}/${UNLOCALIZED_RESOURCES_FOLDER_PATH}/TwitterKitResources.bundle",
			);
			runOnlyForDeploymentPostprocessing = 0;
			shellPath = /bin/sh;
			shellScript = "\"${SRCROOT}/Pods/Target Support Files/Pods-Insta/Pods-Insta-resources.sh\"\n";
			showEnvVarsInLog = 0;
		};
		83637E0EAD9F623D17292764 /* [CP] Check Pods Manifest.lock */ = {
			isa = PBXShellScriptBuildPhase;
			buildActionMask = 2147483647;
			files = (
			);
			inputPaths = (
				"${PODS_PODFILE_DIR_PATH}/Podfile.lock",
				"${PODS_ROOT}/Manifest.lock",
			);
			name = "[CP] Check Pods Manifest.lock";
			outputPaths = (
				"$(DERIVED_FILE_DIR)/Pods-InstaTests-checkManifestLockResult.txt",
			);
			runOnlyForDeploymentPostprocessing = 0;
			shellPath = /bin/sh;
			shellScript = "diff \"${PODS_PODFILE_DIR_PATH}/Podfile.lock\" \"${PODS_ROOT}/Manifest.lock\" > /dev/null\nif [ $? != 0 ] ; then\n    # print error to STDERR\n    echo \"error: The sandbox is not in sync with the Podfile.lock. Run 'pod install' or update your CocoaPods installation.\" >&2\n    exit 1\nfi\n# This output is used by Xcode 'outputs' to avoid re-running this script phase.\necho \"SUCCESS\" > \"${SCRIPT_OUTPUT_FILE_0}\"\n";
			showEnvVarsInLog = 0;
		};
		D1A595BA1F8A23AE3161DFAC /* [CP] Check Pods Manifest.lock */ = {
			isa = PBXShellScriptBuildPhase;
			buildActionMask = 2147483647;
			files = (
			);
			inputPaths = (
				"${PODS_PODFILE_DIR_PATH}/Podfile.lock",
				"${PODS_ROOT}/Manifest.lock",
			);
			name = "[CP] Check Pods Manifest.lock";
			outputPaths = (
				"$(DERIVED_FILE_DIR)/Pods-InstaUITests-checkManifestLockResult.txt",
			);
			runOnlyForDeploymentPostprocessing = 0;
			shellPath = /bin/sh;
			shellScript = "diff \"${PODS_PODFILE_DIR_PATH}/Podfile.lock\" \"${PODS_ROOT}/Manifest.lock\" > /dev/null\nif [ $? != 0 ] ; then\n    # print error to STDERR\n    echo \"error: The sandbox is not in sync with the Podfile.lock. Run 'pod install' or update your CocoaPods installation.\" >&2\n    exit 1\nfi\n# This output is used by Xcode 'outputs' to avoid re-running this script phase.\necho \"SUCCESS\" > \"${SCRIPT_OUTPUT_FILE_0}\"\n";
			showEnvVarsInLog = 0;
		};
/* End PBXShellScriptBuildPhase section */

/* Begin PBXSourcesBuildPhase section */
		463EFFC0219EE69A00E13CB0 /* Sources */ = {
			isa = PBXSourcesBuildPhase;
			buildActionMask = 2147483647;
			files = (
				466C202F220C70BF008519B0 /* Model.swift in Sources */,
				46302B8022033A610051714F /* MainTabVC.swift in Sources */,
				466C203E220C9751008519B0 /* ModelNotification.swift in Sources */,
				84BCA68D22007DF100525C17 /* signInVC.swift in Sources */,
				84A0BC0C220B567E009C431D /* DetailVC.swift in Sources */,
				84A0BC0A220B3D11009C431D /* SettingsTableVC.swift in Sources */,
				4645ED9B220CA353009F6F43 /* PostSQL.swift in Sources */,
				848AE052220A0CFE00F1B0FC /* PeopleTableViewCell.swift in Sources */,
				46302B8422033F580051714F /* SearchVC.swift in Sources */,
				84CEE0A22208D881003D1B73 /* HeaderProfileCollectionReusableView.swift in Sources */,
				46DD88212208A6940068B68D /* UserProfileVC.swift in Sources */,
				84554C3C2209AD9900158367 /* UserPostsApi.swift in Sources */,
				848AE056220A30F100F1B0FC /* FeedApi.swift in Sources */,
				84CEE09D22062863003D1B73 /* FeedCellVC.swift in Sources */,
				46302B8622033F830051714F /* UploadPostVC.swift in Sources */,
				46DD8814220731070068B68D /* Comment.swift in Sources */,
				848AE058220A393900F1B0FC /* DiscoverVC.swift in Sources */,
				84554C3E2209C2F000158367 /* PhotoCollectionViewCell.swift in Sources */,
				46DD881C2207784A0068B68D /* CommentApi.swift in Sources */,
				46302B8822033FBA0051714F /* NotificaitonsVC.swift in Sources */,
				46DD881E22077C590068B68D /* Post_CommentApi.swift in Sources */,
				84A0BC08220B0F87009C431D /* VisitProfileVC.swift in Sources */,
				46DD8810220708E60068B68D /* CommentVC.swift in Sources */,
				466C203A220C973E008519B0 /* ModelSql.swift in Sources */,
				466C2040220C98DE008519B0 /* SQLiteProtocol.swift in Sources */,
				84CEE0A022063868003D1B73 /* User.swift in Sources */,
				84554C412209DF0C00158367 /* AuthService.swift in Sources */,
				4645ED9A220CA353009F6F43 /* UserSQL.swift in Sources */,
				84CEE09222060768003D1B73 /* Post.swift in Sources */,
				84BCA68F22007E3600525C17 /* signUpVC.swift in Sources */,
				848AE054220A151900F1B0FC /* FollowApi.swift in Sources */,
				466C203B220C973E008519B0 /* LastUpdateDates.swift in Sources */,
				46DD8812220709250068B68D /* CommentTVCell.swift in Sources */,
				46302B8222033F1A0051714F /* FeedVC.swift in Sources */,
				463EFFC8219EE69A00E13CB0 /* AppDelegate.swift in Sources */,
				84B01D3C2209ED3C007681EB /* HelperService.swift in Sources */,
				46DD8816220773C10068B68D /* PostApi.swift in Sources */,
				848AE050220A0CBE00F1B0FC /* PeopleVC.swift in Sources */,
				46DD881A220777A40068B68D /* Api.swift in Sources */,
				46DD8818220776080068B68D /* UserApi.swift in Sources */,
			);
			runOnlyForDeploymentPostprocessing = 0;
		};
		463EFFD4219EE69A00E13CB0 /* Sources */ = {
			isa = PBXSourcesBuildPhase;
			buildActionMask = 2147483647;
			files = (
				463EFFDD219EE69A00E13CB0 /* InstaTests.swift in Sources */,
			);
			runOnlyForDeploymentPostprocessing = 0;
		};
		463EFFDF219EE69B00E13CB0 /* Sources */ = {
			isa = PBXSourcesBuildPhase;
			buildActionMask = 2147483647;
			files = (
				463EFFE8219EE69B00E13CB0 /* InstaUITests.swift in Sources */,
			);
			runOnlyForDeploymentPostprocessing = 0;
		};
/* End PBXSourcesBuildPhase section */

/* Begin PBXTargetDependency section */
		463EFFDA219EE69A00E13CB0 /* PBXTargetDependency */ = {
			isa = PBXTargetDependency;
			target = 463EFFC3219EE69A00E13CB0 /* Insta */;
			targetProxy = 463EFFD9219EE69A00E13CB0 /* PBXContainerItemProxy */;
		};
		463EFFE5219EE69B00E13CB0 /* PBXTargetDependency */ = {
			isa = PBXTargetDependency;
			target = 463EFFC3219EE69A00E13CB0 /* Insta */;
			targetProxy = 463EFFE4219EE69B00E13CB0 /* PBXContainerItemProxy */;
		};
/* End PBXTargetDependency section */

/* Begin PBXVariantGroup section */
		463EFFCB219EE69A00E13CB0 /* Main.storyboard */ = {
			isa = PBXVariantGroup;
			children = (
				463EFFCC219EE69A00E13CB0 /* Base */,
			);
			name = Main.storyboard;
			sourceTree = SOURCE_ROOT;
		};
		463EFFD0219EE69A00E13CB0 /* LaunchScreen.storyboard */ = {
			isa = PBXVariantGroup;
			children = (
				463EFFD1219EE69A00E13CB0 /* Base */,
			);
			name = LaunchScreen.storyboard;
			path = ../..;
			sourceTree = "<group>";
		};
/* End PBXVariantGroup section */

/* Begin XCBuildConfiguration section */
		463EFFEA219EE69B00E13CB0 /* Debug */ = {
			isa = XCBuildConfiguration;
			buildSettings = {
				ALWAYS_SEARCH_USER_PATHS = NO;
				CLANG_ANALYZER_NONNULL = YES;
				CLANG_ANALYZER_NUMBER_OBJECT_CONVERSION = YES_AGGRESSIVE;
				CLANG_CXX_LANGUAGE_STANDARD = "gnu++14";
				CLANG_CXX_LIBRARY = "libc++";
				CLANG_ENABLE_MODULES = YES;
				CLANG_ENABLE_OBJC_ARC = YES;
				CLANG_ENABLE_OBJC_WEAK = YES;
				CLANG_WARN_BLOCK_CAPTURE_AUTORELEASING = YES;
				CLANG_WARN_BOOL_CONVERSION = YES;
				CLANG_WARN_COMMA = YES;
				CLANG_WARN_CONSTANT_CONVERSION = YES;
				CLANG_WARN_DEPRECATED_OBJC_IMPLEMENTATIONS = YES;
				CLANG_WARN_DIRECT_OBJC_ISA_USAGE = YES_ERROR;
				CLANG_WARN_DOCUMENTATION_COMMENTS = YES;
				CLANG_WARN_EMPTY_BODY = YES;
				CLANG_WARN_ENUM_CONVERSION = YES;
				CLANG_WARN_INFINITE_RECURSION = YES;
				CLANG_WARN_INT_CONVERSION = YES;
				CLANG_WARN_NON_LITERAL_NULL_CONVERSION = YES;
				CLANG_WARN_OBJC_IMPLICIT_RETAIN_SELF = YES;
				CLANG_WARN_OBJC_LITERAL_CONVERSION = YES;
				CLANG_WARN_OBJC_ROOT_CLASS = YES_ERROR;
				CLANG_WARN_RANGE_LOOP_ANALYSIS = YES;
				CLANG_WARN_STRICT_PROTOTYPES = YES;
				CLANG_WARN_SUSPICIOUS_MOVE = YES;
				CLANG_WARN_UNGUARDED_AVAILABILITY = YES_AGGRESSIVE;
				CLANG_WARN_UNREACHABLE_CODE = YES;
				CLANG_WARN__DUPLICATE_METHOD_MATCH = YES;
				CODE_SIGN_IDENTITY = "iPhone Developer";
				COPY_PHASE_STRIP = NO;
				DEBUG_INFORMATION_FORMAT = dwarf;
				ENABLE_STRICT_OBJC_MSGSEND = YES;
				ENABLE_TESTABILITY = YES;
				GCC_C_LANGUAGE_STANDARD = gnu11;
				GCC_DYNAMIC_NO_PIC = NO;
				GCC_NO_COMMON_BLOCKS = YES;
				GCC_OPTIMIZATION_LEVEL = 0;
				GCC_PREPROCESSOR_DEFINITIONS = (
					"DEBUG=1",
					"$(inherited)",
				);
				GCC_WARN_64_TO_32_BIT_CONVERSION = YES;
				GCC_WARN_ABOUT_RETURN_TYPE = YES_ERROR;
				GCC_WARN_UNDECLARED_SELECTOR = YES;
				GCC_WARN_UNINITIALIZED_AUTOS = YES_AGGRESSIVE;
				GCC_WARN_UNUSED_FUNCTION = YES;
				GCC_WARN_UNUSED_VARIABLE = YES;
				IPHONEOS_DEPLOYMENT_TARGET = 12.0;
				MTL_ENABLE_DEBUG_INFO = INCLUDE_SOURCE;
				MTL_FAST_MATH = YES;
				ONLY_ACTIVE_ARCH = YES;
				SDKROOT = iphoneos;
				SWIFT_ACTIVE_COMPILATION_CONDITIONS = DEBUG;
				SWIFT_OPTIMIZATION_LEVEL = "-Onone";
			};
			name = Debug;
		};
		463EFFEB219EE69B00E13CB0 /* Release */ = {
			isa = XCBuildConfiguration;
			buildSettings = {
				ALWAYS_SEARCH_USER_PATHS = NO;
				CLANG_ANALYZER_NONNULL = YES;
				CLANG_ANALYZER_NUMBER_OBJECT_CONVERSION = YES_AGGRESSIVE;
				CLANG_CXX_LANGUAGE_STANDARD = "gnu++14";
				CLANG_CXX_LIBRARY = "libc++";
				CLANG_ENABLE_MODULES = YES;
				CLANG_ENABLE_OBJC_ARC = YES;
				CLANG_ENABLE_OBJC_WEAK = YES;
				CLANG_WARN_BLOCK_CAPTURE_AUTORELEASING = YES;
				CLANG_WARN_BOOL_CONVERSION = YES;
				CLANG_WARN_COMMA = YES;
				CLANG_WARN_CONSTANT_CONVERSION = YES;
				CLANG_WARN_DEPRECATED_OBJC_IMPLEMENTATIONS = YES;
				CLANG_WARN_DIRECT_OBJC_ISA_USAGE = YES_ERROR;
				CLANG_WARN_DOCUMENTATION_COMMENTS = YES;
				CLANG_WARN_EMPTY_BODY = YES;
				CLANG_WARN_ENUM_CONVERSION = YES;
				CLANG_WARN_INFINITE_RECURSION = YES;
				CLANG_WARN_INT_CONVERSION = YES;
				CLANG_WARN_NON_LITERAL_NULL_CONVERSION = YES;
				CLANG_WARN_OBJC_IMPLICIT_RETAIN_SELF = YES;
				CLANG_WARN_OBJC_LITERAL_CONVERSION = YES;
				CLANG_WARN_OBJC_ROOT_CLASS = YES_ERROR;
				CLANG_WARN_RANGE_LOOP_ANALYSIS = YES;
				CLANG_WARN_STRICT_PROTOTYPES = YES;
				CLANG_WARN_SUSPICIOUS_MOVE = YES;
				CLANG_WARN_UNGUARDED_AVAILABILITY = YES_AGGRESSIVE;
				CLANG_WARN_UNREACHABLE_CODE = YES;
				CLANG_WARN__DUPLICATE_METHOD_MATCH = YES;
				CODE_SIGN_IDENTITY = "iPhone Developer";
				COPY_PHASE_STRIP = NO;
				DEBUG_INFORMATION_FORMAT = "dwarf-with-dsym";
				ENABLE_NS_ASSERTIONS = NO;
				ENABLE_STRICT_OBJC_MSGSEND = YES;
				GCC_C_LANGUAGE_STANDARD = gnu11;
				GCC_NO_COMMON_BLOCKS = YES;
				GCC_WARN_64_TO_32_BIT_CONVERSION = YES;
				GCC_WARN_ABOUT_RETURN_TYPE = YES_ERROR;
				GCC_WARN_UNDECLARED_SELECTOR = YES;
				GCC_WARN_UNINITIALIZED_AUTOS = YES_AGGRESSIVE;
				GCC_WARN_UNUSED_FUNCTION = YES;
				GCC_WARN_UNUSED_VARIABLE = YES;
				IPHONEOS_DEPLOYMENT_TARGET = 12.0;
				MTL_ENABLE_DEBUG_INFO = NO;
				MTL_FAST_MATH = YES;
				SDKROOT = iphoneos;
				SWIFT_COMPILATION_MODE = wholemodule;
				SWIFT_OPTIMIZATION_LEVEL = "-O";
				VALIDATE_PRODUCT = YES;
			};
			name = Release;
		};
		463EFFED219EE69B00E13CB0 /* Debug */ = {
			isa = XCBuildConfiguration;
			baseConfigurationReference = A0A0F810D472E5A6BA45F97B /* Pods-Insta.debug.xcconfig */;
			buildSettings = {
				ASSETCATALOG_COMPILER_APPICON_NAME = AppIcon;
				CLANG_ENABLE_MODULES = YES;
				CODE_SIGN_STYLE = Automatic;
				DEVELOPMENT_TEAM = "";
				INFOPLIST_FILE = Insta/Info.plist;
				LD_RUNPATH_SEARCH_PATHS = (
					"$(inherited)",
					"@executable_path/Frameworks",
				);
				PRODUCT_BUNDLE_IDENTIFIER = gilyerm.Insta;
				PRODUCT_NAME = "$(TARGET_NAME)";
				SWIFT_ENABLE_BATCH_MODE = NO;
				SWIFT_OBJC_BRIDGING_HEADER = "Insta/Insta-Bridging-Header.h";
				SWIFT_OPTIMIZATION_LEVEL = "-Onone";
				SWIFT_VERSION = 4.2;
				TARGETED_DEVICE_FAMILY = "1,2";
			};
			name = Debug;
		};
		463EFFEE219EE69B00E13CB0 /* Release */ = {
			isa = XCBuildConfiguration;
			baseConfigurationReference = C5B4AF57A7D01B070676D812 /* Pods-Insta.release.xcconfig */;
			buildSettings = {
				ASSETCATALOG_COMPILER_APPICON_NAME = AppIcon;
				CLANG_ENABLE_MODULES = YES;
				CODE_SIGN_STYLE = Automatic;
				DEVELOPMENT_TEAM = "";
				INFOPLIST_FILE = Insta/Info.plist;
				LD_RUNPATH_SEARCH_PATHS = (
					"$(inherited)",
					"@executable_path/Frameworks",
				);
				PRODUCT_BUNDLE_IDENTIFIER = gilyerm.Insta;
				PRODUCT_NAME = "$(TARGET_NAME)";
				SWIFT_ENABLE_BATCH_MODE = NO;
				SWIFT_OBJC_BRIDGING_HEADER = "Insta/Insta-Bridging-Header.h";
				SWIFT_VERSION = 4.2;
				TARGETED_DEVICE_FAMILY = "1,2";
			};
			name = Release;
		};
		463EFFF0219EE69B00E13CB0 /* Debug */ = {
			isa = XCBuildConfiguration;
			baseConfigurationReference = 81E5A92D3578F5047CC1A534 /* Pods-InstaTests.debug.xcconfig */;
			buildSettings = {
				ALWAYS_EMBED_SWIFT_STANDARD_LIBRARIES = YES;
				BUNDLE_LOADER = "$(TEST_HOST)";
				CODE_SIGN_STYLE = Automatic;
				INFOPLIST_FILE = InstaTests/Info.plist;
				LD_RUNPATH_SEARCH_PATHS = (
					"$(inherited)",
					"@executable_path/Frameworks",
					"@loader_path/Frameworks",
				);
				PRODUCT_BUNDLE_IDENTIFIER = gilyerm.InstaTests;
				PRODUCT_NAME = "$(TARGET_NAME)";
				SWIFT_VERSION = 4.2;
				TARGETED_DEVICE_FAMILY = "1,2";
				TEST_HOST = "$(BUILT_PRODUCTS_DIR)/Insta.app/Insta";
			};
			name = Debug;
		};
		463EFFF1219EE69B00E13CB0 /* Release */ = {
			isa = XCBuildConfiguration;
			baseConfigurationReference = D791EF4C10AD91D300A391C1 /* Pods-InstaTests.release.xcconfig */;
			buildSettings = {
				ALWAYS_EMBED_SWIFT_STANDARD_LIBRARIES = YES;
				BUNDLE_LOADER = "$(TEST_HOST)";
				CODE_SIGN_STYLE = Automatic;
				INFOPLIST_FILE = InstaTests/Info.plist;
				LD_RUNPATH_SEARCH_PATHS = (
					"$(inherited)",
					"@executable_path/Frameworks",
					"@loader_path/Frameworks",
				);
				PRODUCT_BUNDLE_IDENTIFIER = gilyerm.InstaTests;
				PRODUCT_NAME = "$(TARGET_NAME)";
				SWIFT_VERSION = 4.2;
				TARGETED_DEVICE_FAMILY = "1,2";
				TEST_HOST = "$(BUILT_PRODUCTS_DIR)/Insta.app/Insta";
			};
			name = Release;
		};
		463EFFF3219EE69B00E13CB0 /* Debug */ = {
			isa = XCBuildConfiguration;
			baseConfigurationReference = 252572DBD688E520714814A0 /* Pods-InstaUITests.debug.xcconfig */;
			buildSettings = {
				ALWAYS_EMBED_SWIFT_STANDARD_LIBRARIES = YES;
				CODE_SIGN_STYLE = Automatic;
				INFOPLIST_FILE = InstaUITests/Info.plist;
				LD_RUNPATH_SEARCH_PATHS = (
					"$(inherited)",
					"@executable_path/Frameworks",
					"@loader_path/Frameworks",
				);
				PRODUCT_BUNDLE_IDENTIFIER = gilyerm.InstaUITests;
				PRODUCT_NAME = "$(TARGET_NAME)";
				SWIFT_VERSION = 4.2;
				TARGETED_DEVICE_FAMILY = "1,2";
				TEST_TARGET_NAME = Insta;
			};
			name = Debug;
		};
		463EFFF4219EE69B00E13CB0 /* Release */ = {
			isa = XCBuildConfiguration;
			baseConfigurationReference = B9C0E6CD77F8368873386CA3 /* Pods-InstaUITests.release.xcconfig */;
			buildSettings = {
				ALWAYS_EMBED_SWIFT_STANDARD_LIBRARIES = YES;
				CODE_SIGN_STYLE = Automatic;
				INFOPLIST_FILE = InstaUITests/Info.plist;
				LD_RUNPATH_SEARCH_PATHS = (
					"$(inherited)",
					"@executable_path/Frameworks",
					"@loader_path/Frameworks",
				);
				PRODUCT_BUNDLE_IDENTIFIER = gilyerm.InstaUITests;
				PRODUCT_NAME = "$(TARGET_NAME)";
				SWIFT_VERSION = 4.2;
				TARGETED_DEVICE_FAMILY = "1,2";
				TEST_TARGET_NAME = Insta;
			};
			name = Release;
		};
/* End XCBuildConfiguration section */

/* Begin XCConfigurationList section */
		463EFFBF219EE69A00E13CB0 /* Build configuration list for PBXProject "Insta" */ = {
			isa = XCConfigurationList;
			buildConfigurations = (
				463EFFEA219EE69B00E13CB0 /* Debug */,
				463EFFEB219EE69B00E13CB0 /* Release */,
			);
			defaultConfigurationIsVisible = 0;
			defaultConfigurationName = Release;
		};
		463EFFEC219EE69B00E13CB0 /* Build configuration list for PBXNativeTarget "Insta" */ = {
			isa = XCConfigurationList;
			buildConfigurations = (
				463EFFED219EE69B00E13CB0 /* Debug */,
				463EFFEE219EE69B00E13CB0 /* Release */,
			);
			defaultConfigurationIsVisible = 0;
			defaultConfigurationName = Release;
		};
		463EFFEF219EE69B00E13CB0 /* Build configuration list for PBXNativeTarget "InstaTests" */ = {
			isa = XCConfigurationList;
			buildConfigurations = (
				463EFFF0219EE69B00E13CB0 /* Debug */,
				463EFFF1219EE69B00E13CB0 /* Release */,
			);
			defaultConfigurationIsVisible = 0;
			defaultConfigurationName = Release;
		};
		463EFFF2219EE69B00E13CB0 /* Build configuration list for PBXNativeTarget "InstaUITests" */ = {
			isa = XCConfigurationList;
			buildConfigurations = (
				463EFFF3219EE69B00E13CB0 /* Debug */,
				463EFFF4219EE69B00E13CB0 /* Release */,
			);
			defaultConfigurationIsVisible = 0;
			defaultConfigurationName = Release;
		};
/* End XCConfigurationList section */
	};
	rootObject = 463EFFBC219EE69A00E13CB0 /* Project object */;
}
