// !$*UTF8*$!
{
	archiveVersion = 1;
	classes = {
	};
	objectVersion = 50;
	objects = {

/* Begin PBXBuildFile section */
		46311D2021CA894C00CA88AA /* MyDate.swift in Sources */ = {isa = PBXBuildFile; fileRef = 46311D1F21CA894C00CA88AA /* MyDate.swift */; };
		463EFFC8219EE69A00E13CB0 /* AppDelegate.swift in Sources */ = {isa = PBXBuildFile; fileRef = 463EFFC7219EE69A00E13CB0 /* AppDelegate.swift */; };
		463EFFCA219EE69A00E13CB0 /* ViewController.swift in Sources */ = {isa = PBXBuildFile; fileRef = 463EFFC9219EE69A00E13CB0 /* ViewController.swift */; };
		463EFFCD219EE69A00E13CB0 /* Main.storyboard in Resources */ = {isa = PBXBuildFile; fileRef = 463EFFCB219EE69A00E13CB0 /* Main.storyboard */; };
		463EFFCF219EE69A00E13CB0 /* Assets.xcassets in Resources */ = {isa = PBXBuildFile; fileRef = 463EFFCE219EE69A00E13CB0 /* Assets.xcassets */; };
		463EFFD2219EE69A00E13CB0 /* LaunchScreen.storyboard in Resources */ = {isa = PBXBuildFile; fileRef = 463EFFD0219EE69A00E13CB0 /* LaunchScreen.storyboard */; };
		463EFFDD219EE69A00E13CB0 /* InstaTests.swift in Sources */ = {isa = PBXBuildFile; fileRef = 463EFFDC219EE69A00E13CB0 /* InstaTests.swift */; };
		463EFFE8219EE69B00E13CB0 /* InstaUITests.swift in Sources */ = {isa = PBXBuildFile; fileRef = 463EFFE7219EE69B00E13CB0 /* InstaUITests.swift */; };
		46E9B14621FDEF22004EF77A /* FirebasePost.swift in Sources */ = {isa = PBXBuildFile; fileRef = 46E9B14521FDEF22004EF77A /* FirebasePost.swift */; };
		46F14F1D21A40CAF00FC1CA3 /* GoogleService-Info.plist in Resources */ = {isa = PBXBuildFile; fileRef = 46F14F1C21A40CAF00FC1CA3 /* GoogleService-Info.plist */; };
		4AB4D1173CB82C6DC0C0B5A2 /* Pods_InstaUITests.framework in Frameworks */ = {isa = PBXBuildFile; fileRef = 3AF6BEFB85ECD042F41519AD /* Pods_InstaUITests.framework */; };
		586034723EC6E8E6190DDA45 /* FirebaseStorage.swift in Sources */ = {isa = PBXBuildFile; fileRef = 586036CDA7C7B7B8C0993BFD /* FirebaseStorage.swift */; };
		586036C7A00767397715AA08 /* ModelNotification.swift in Sources */ = {isa = PBXBuildFile; fileRef = 58603E0943EC9EC1B705F72F /* ModelNotification.swift */; };
		5860373F493C8D76D118F9D6 /* Model.swift in Sources */ = {isa = PBXBuildFile; fileRef = 586039B3CFA70C3D91F7E65F /* Model.swift */; };
		58603F77118AF288548EC89D /* FirebaseAuthUser.swift in Sources */ = {isa = PBXBuildFile; fileRef = 5860375F403F7193E95E4D27 /* FirebaseAuthUser.swift */; };
		8443BE9E21D50E7800F883FD /* Following.swift in Sources */ = {isa = PBXBuildFile; fileRef = 8443BE9D21D50E7800F883FD /* Following.swift */; };
		8443BEA121D510F900F883FD /* ModelSql.swift in Sources */ = {isa = PBXBuildFile; fileRef = 8443BEA021D510F900F883FD /* ModelSql.swift */; };
		8443BEA321D5114F00F883FD /* UserSQL.swift in Sources */ = {isa = PBXBuildFile; fileRef = 8443BEA221D5114F00F883FD /* UserSQL.swift */; };
		8443BEA521D518A400F883FD /* LastUpdateDates.swift in Sources */ = {isa = PBXBuildFile; fileRef = 8443BEA421D518A400F883FD /* LastUpdateDates.swift */; };
		846EC05521BEE20F000F221B /* ModelFirebase.swift in Sources */ = {isa = PBXBuildFile; fileRef = 846EC05421BEE20F000F221B /* ModelFirebase.swift */; };
		846EC05721BEE32E000F221B /* FirebaseUser.swift in Sources */ = {isa = PBXBuildFile; fileRef = 846EC05621BEE32E000F221B /* FirebaseUser.swift */; };
		84BE0A4C21BEC07E006BDA0D /* Post.swift in Sources */ = {isa = PBXBuildFile; fileRef = 84BE0A4621BEC07D006BDA0D /* Post.swift */; };
		84BE0A4D21BEC07E006BDA0D /* User.swift in Sources */ = {isa = PBXBuildFile; fileRef = 84BE0A4721BEC07E006BDA0D /* User.swift */; };
		84BE0A4E21BEC07E006BDA0D /* JsonProtocol.swift in Sources */ = {isa = PBXBuildFile; fileRef = 84BE0A4821BEC07E006BDA0D /* JsonProtocol.swift */; };
		84BE0A5021BEC07E006BDA0D /* Comment.swift in Sources */ = {isa = PBXBuildFile; fileRef = 84BE0A4A21BEC07E006BDA0D /* Comment.swift */; };
		CE0D84753934BA3C6B72882D /* Pods_InstaTests.framework in Frameworks */ = {isa = PBXBuildFile; fileRef = 994417D40DC470FEA5991B3C /* Pods_InstaTests.framework */; };
		D1824CC7AF80F68BE7FE04CE /* Pods_Insta.framework in Frameworks */ = {isa = PBXBuildFile; fileRef = FC818AFABE6A5C9493189F59 /* Pods_Insta.framework */; };
/* End PBXBuildFile section */

/* Begin PBXContainerItemProxy section */
		463EFFD9219EE69A00E13CB0 /* PBXContainerItemProxy */ = {
			isa = PBXContainerItemProxy;
			containerPortal = 463EFFBC219EE69A00E13CB0 /* Project object */;
			proxyType = 1;
			remoteGlobalIDString = 463EFFC3219EE69A00E13CB0;
			remoteInfo = Insta;
		};
		463EFFE4219EE69B00E13CB0 /* PBXContainerItemProxy */ = {
			isa = PBXContainerItemProxy;
			containerPortal = 463EFFBC219EE69A00E13CB0 /* Project object */;
			proxyType = 1;
			remoteGlobalIDString = 463EFFC3219EE69A00E13CB0;
			remoteInfo = Insta;
		};
/* End PBXContainerItemProxy section */

/* Begin PBXFileReference section */
		252572DBD688E520714814A0 /* Pods-InstaUITests.debug.xcconfig */ = {isa = PBXFileReference; includeInIndex = 1; lastKnownFileType = text.xcconfig; name = "Pods-InstaUITests.debug.xcconfig"; path = "Pods/Target Support Files/Pods-InstaUITests/Pods-InstaUITests.debug.xcconfig"; sourceTree = "<group>"; };
		3AF6BEFB85ECD042F41519AD /* Pods_InstaUITests.framework */ = {isa = PBXFileReference; explicitFileType = wrapper.framework; includeInIndex = 0; path = Pods_InstaUITests.framework; sourceTree = BUILT_PRODUCTS_DIR; };
		46311D1B21CA875700CA88AA /* Insta-Bridging-Header.h */ = {isa = PBXFileReference; lastKnownFileType = sourcecode.c.h; path = "Insta-Bridging-Header.h"; sourceTree = "<group>"; };
		46311D1F21CA894C00CA88AA /* MyDate.swift */ = {isa = PBXFileReference; lastKnownFileType = sourcecode.swift; path = MyDate.swift; sourceTree = "<group>"; };
		463EFFC4219EE69A00E13CB0 /* Insta.app */ = {isa = PBXFileReference; explicitFileType = wrapper.application; includeInIndex = 0; path = Insta.app; sourceTree = BUILT_PRODUCTS_DIR; };
		463EFFC7219EE69A00E13CB0 /* AppDelegate.swift */ = {isa = PBXFileReference; lastKnownFileType = sourcecode.swift; path = AppDelegate.swift; sourceTree = "<group>"; };
		463EFFC9219EE69A00E13CB0 /* ViewController.swift */ = {isa = PBXFileReference; lastKnownFileType = sourcecode.swift; path = ViewController.swift; sourceTree = "<group>"; };
		463EFFCC219EE69A00E13CB0 /* Base */ = {isa = PBXFileReference; lastKnownFileType = file.storyboard; name = Base; path = Base.lproj/Main.storyboard; sourceTree = "<group>"; };
		463EFFCE219EE69A00E13CB0 /* Assets.xcassets */ = {isa = PBXFileReference; lastKnownFileType = folder.assetcatalog; path = Assets.xcassets; sourceTree = "<group>"; };
		463EFFD1219EE69A00E13CB0 /* Base */ = {isa = PBXFileReference; lastKnownFileType = file.storyboard; name = Base; path = Base.lproj/LaunchScreen.storyboard; sourceTree = "<group>"; };
		463EFFD3219EE69A00E13CB0 /* Info.plist */ = {isa = PBXFileReference; lastKnownFileType = text.plist.xml; path = Info.plist; sourceTree = "<group>"; };
		463EFFD8219EE69A00E13CB0 /* InstaTests.xctest */ = {isa = PBXFileReference; explicitFileType = wrapper.cfbundle; includeInIndex = 0; path = InstaTests.xctest; sourceTree = BUILT_PRODUCTS_DIR; };
		463EFFDC219EE69A00E13CB0 /* InstaTests.swift */ = {isa = PBXFileReference; lastKnownFileType = sourcecode.swift; path = InstaTests.swift; sourceTree = "<group>"; };
		463EFFDE219EE69B00E13CB0 /* Info.plist */ = {isa = PBXFileReference; lastKnownFileType = text.plist.xml; path = Info.plist; sourceTree = "<group>"; };
		463EFFE3219EE69B00E13CB0 /* InstaUITests.xctest */ = {isa = PBXFileReference; explicitFileType = wrapper.cfbundle; includeInIndex = 0; path = InstaUITests.xctest; sourceTree = BUILT_PRODUCTS_DIR; };
		463EFFE7219EE69B00E13CB0 /* InstaUITests.swift */ = {isa = PBXFileReference; lastKnownFileType = sourcecode.swift; path = InstaUITests.swift; sourceTree = "<group>"; };
		463EFFE9219EE69B00E13CB0 /* Info.plist */ = {isa = PBXFileReference; lastKnownFileType = text.plist.xml; path = Info.plist; sourceTree = "<group>"; };
		46E9B14521FDEF22004EF77A /* FirebasePost.swift */ = {isa = PBXFileReference; lastKnownFileType = sourcecode.swift; path = FirebasePost.swift; sourceTree = "<group>"; };
		46F14F1C21A40CAF00FC1CA3 /* GoogleService-Info.plist */ = {isa = PBXFileReference; fileEncoding = 4; lastKnownFileType = text.plist.xml; path = "GoogleService-Info.plist"; sourceTree = "<group>"; };
		586036CDA7C7B7B8C0993BFD /* FirebaseStorage.swift */ = {isa = PBXFileReference; fileEncoding = 4; lastKnownFileType = sourcecode.swift; path = FirebaseStorage.swift; sourceTree = "<group>"; };
		5860375F403F7193E95E4D27 /* FirebaseAuthUser.swift */ = {isa = PBXFileReference; fileEncoding = 4; lastKnownFileType = sourcecode.swift; path = FirebaseAuthUser.swift; sourceTree = "<group>"; };
		586039B3CFA70C3D91F7E65F /* Model.swift */ = {isa = PBXFileReference; fileEncoding = 4; lastKnownFileType = sourcecode.swift; path = Model.swift; sourceTree = "<group>"; };
		58603E0943EC9EC1B705F72F /* ModelNotification.swift */ = {isa = PBXFileReference; fileEncoding = 4; lastKnownFileType = sourcecode.swift; path = ModelNotification.swift; sourceTree = "<group>"; };
		81E5A92D3578F5047CC1A534 /* Pods-InstaTests.debug.xcconfig */ = {isa = PBXFileReference; includeInIndex = 1; lastKnownFileType = text.xcconfig; name = "Pods-InstaTests.debug.xcconfig"; path = "Pods/Target Support Files/Pods-InstaTests/Pods-InstaTests.debug.xcconfig"; sourceTree = "<group>"; };
		8443BE9D21D50E7800F883FD /* Following.swift */ = {isa = PBXFileReference; lastKnownFileType = sourcecode.swift; path = Following.swift; sourceTree = "<group>"; };
		8443BEA021D510F900F883FD /* ModelSql.swift */ = {isa = PBXFileReference; lastKnownFileType = sourcecode.swift; path = ModelSql.swift; sourceTree = "<group>"; };
		8443BEA221D5114F00F883FD /* UserSQL.swift */ = {isa = PBXFileReference; lastKnownFileType = sourcecode.swift; path = UserSQL.swift; sourceTree = "<group>"; };
		8443BEA421D518A400F883FD /* LastUpdateDates.swift */ = {isa = PBXFileReference; lastKnownFileType = sourcecode.swift; path = LastUpdateDates.swift; sourceTree = "<group>"; };
		846EC05421BEE20F000F221B /* ModelFirebase.swift */ = {isa = PBXFileReference; lastKnownFileType = sourcecode.swift; path = ModelFirebase.swift; sourceTree = "<group>"; };
		846EC05621BEE32E000F221B /* FirebaseUser.swift */ = {isa = PBXFileReference; lastKnownFileType = sourcecode.swift; path = FirebaseUser.swift; sourceTree = "<group>"; };
		84BE0A4621BEC07D006BDA0D /* Post.swift */ = {isa = PBXFileReference; fileEncoding = 4; lastKnownFileType = sourcecode.swift; path = Post.swift; sourceTree = "<group>"; };
		84BE0A4721BEC07E006BDA0D /* User.swift */ = {isa = PBXFileReference; fileEncoding = 4; lastKnownFileType = sourcecode.swift; path = User.swift; sourceTree = "<group>"; };
		84BE0A4821BEC07E006BDA0D /* JsonProtocol.swift */ = {isa = PBXFileReference; fileEncoding = 4; lastKnownFileType = sourcecode.swift; path = JsonProtocol.swift; sourceTree = "<group>"; };
		84BE0A4A21BEC07E006BDA0D /* Comment.swift */ = {isa = PBXFileReference; fileEncoding = 4; lastKnownFileType = sourcecode.swift; path = Comment.swift; sourceTree = "<group>"; };
		994417D40DC470FEA5991B3C /* Pods_InstaTests.framework */ = {isa = PBXFileReference; explicitFileType = wrapper.framework; includeInIndex = 0; path = Pods_InstaTests.framework; sourceTree = BUILT_PRODUCTS_DIR; };
		A0A0F810D472E5A6BA45F97B /* Pods-Insta.debug.xcconfig */ = {isa = PBXFileReference; includeInIndex = 1; lastKnownFileType = text.xcconfig; name = "Pods-Insta.debug.xcconfig"; path = "Pods/Target Support Files/Pods-Insta/Pods-Insta.debug.xcconfig"; sourceTree = "<group>"; };
		B9C0E6CD77F8368873386CA3 /* Pods-InstaUITests.release.xcconfig */ = {isa = PBXFileReference; includeInIndex = 1; lastKnownFileType = text.xcconfig; name = "Pods-InstaUITests.release.xcconfig"; path = "Pods/Target Support Files/Pods-InstaUITests/Pods-InstaUITests.release.xcconfig"; sourceTree = "<group>"; };
		C5B4AF57A7D01B070676D812 /* Pods-Insta.release.xcconfig */ = {isa = PBXFileReference; includeInIndex = 1; lastKnownFileType = text.xcconfig; name = "Pods-Insta.release.xcconfig"; path = "Pods/Target Support Files/Pods-Insta/Pods-Insta.release.xcconfig"; sourceTree = "<group>"; };
		D791EF4C10AD91D300A391C1 /* Pods-InstaTests.release.xcconfig */ = {isa = PBXFileReference; includeInIndex = 1; lastKnownFileType = text.xcconfig; name = "Pods-InstaTests.release.xcconfig"; path = "Pods/Target Support Files/Pods-InstaTests/Pods-InstaTests.release.xcconfig"; sourceTree = "<group>"; };
		FC818AFABE6A5C9493189F59 /* Pods_Insta.framework */ = {isa = PBXFileReference; explicitFileType = wrapper.framework; includeInIndex = 0; path = Pods_Insta.framework; sourceTree = BUILT_PRODUCTS_DIR; };
/* End PBXFileReference section */

/* Begin PBXFrameworksBuildPhase section */
		463EFFC1219EE69A00E13CB0 /* Frameworks */ = {
			isa = PBXFrameworksBuildPhase;
			buildActionMask = 2147483647;
			files = (
				D1824CC7AF80F68BE7FE04CE /* Pods_Insta.framework in Frameworks */,
			);
			runOnlyForDeploymentPostprocessing = 0;
		};
		463EFFD5219EE69A00E13CB0 /* Frameworks */ = {
			isa = PBXFrameworksBuildPhase;
			buildActionMask = 2147483647;
			files = (
				CE0D84753934BA3C6B72882D /* Pods_InstaTests.framework in Frameworks */,
			);
			runOnlyForDeploymentPostprocessing = 0;
		};
		463EFFE0219EE69B00E13CB0 /* Frameworks */ = {
			isa = PBXFrameworksBuildPhase;
			buildActionMask = 2147483647;
			files = (
				4AB4D1173CB82C6DC0C0B5A2 /* Pods_InstaUITests.framework in Frameworks */,
			);
			runOnlyForDeploymentPostprocessing = 0;
		};
/* End PBXFrameworksBuildPhase section */

/* Begin PBXGroup section */
		46311D1A21CA846E00CA88AA /* Classes */ = {
			isa = PBXGroup;
			children = (
				84BE0A4A21BEC07E006BDA0D /* Comment.swift */,
				84BE0A4621BEC07D006BDA0D /* Post.swift */,
				84BE0A4721BEC07E006BDA0D /* User.swift */,
				8443BE9D21D50E7800F883FD /* Following.swift */,
			);
			path = Classes;
			sourceTree = "<group>";
		};
		463EFFBB219EE69A00E13CB0 = {
			isa = PBXGroup;
			children = (
				463EFFC6219EE69A00E13CB0 /* Insta */,
				463EFFDB219EE69A00E13CB0 /* InstaTests */,
				463EFFE6219EE69B00E13CB0 /* InstaUITests */,
				463EFFC5219EE69A00E13CB0 /* Products */,
				4BE852310A9F00FCEF54159E /* Pods */,
				F327B5BB73DE20521311A87B /* Frameworks */,
			);
			sourceTree = "<group>";
		};
		463EFFC5219EE69A00E13CB0 /* Products */ = {
			isa = PBXGroup;
			children = (
				463EFFC4219EE69A00E13CB0 /* Insta.app */,
				463EFFD8219EE69A00E13CB0 /* InstaTests.xctest */,
				463EFFE3219EE69B00E13CB0 /* InstaUITests.xctest */,
			);
			name = Products;
			sourceTree = "<group>";
		};
		463EFFC6219EE69A00E13CB0 /* Insta */ = {
			isa = PBXGroup;
			children = (
				84BE0A3921BEC04F006BDA0D /* Models */,
				46F14F1C21A40CAF00FC1CA3 /* GoogleService-Info.plist */,
				463EFFC7219EE69A00E13CB0 /* AppDelegate.swift */,
				463EFFC9219EE69A00E13CB0 /* ViewController.swift */,
				463EFFCB219EE69A00E13CB0 /* Main.storyboard */,
				463EFFCE219EE69A00E13CB0 /* Assets.xcassets */,
				463EFFD0219EE69A00E13CB0 /* LaunchScreen.storyboard */,
				463EFFD3219EE69A00E13CB0 /* Info.plist */,
			);
			path = Insta;
			sourceTree = "<group>";
		};
		463EFFDB219EE69A00E13CB0 /* InstaTests */ = {
			isa = PBXGroup;
			children = (
				463EFFDC219EE69A00E13CB0 /* InstaTests.swift */,
				463EFFDE219EE69B00E13CB0 /* Info.plist */,
			);
			path = InstaTests;
			sourceTree = "<group>";
		};
		463EFFE6219EE69B00E13CB0 /* InstaUITests */ = {
			isa = PBXGroup;
			children = (
				463EFFE7219EE69B00E13CB0 /* InstaUITests.swift */,
				463EFFE9219EE69B00E13CB0 /* Info.plist */,
			);
			path = InstaUITests;
			sourceTree = "<group>";
		};
		46E9B14421FDE766004EF77A /* extensions */ = {
			isa = PBXGroup;
			children = (
				46311D1F21CA894C00CA88AA /* MyDate.swift */,
			);
			path = extensions;
			sourceTree = "<group>";
		};
		46E9B14921FE0392004EF77A /* Classes */ = {
			isa = PBXGroup;
			children = (
				46E9B14521FDEF22004EF77A /* FirebasePost.swift */,
				846EC05621BEE32E000F221B /* FirebaseUser.swift */,
			);
			path = Classes;
			sourceTree = "<group>";
		};
		46E9B14A21FE03B7004EF77A /* Classes */ = {
			isa = PBXGroup;
			children = (
				8443BEA221D5114F00F883FD /* UserSQL.swift */,
			);
			path = Classes;
			sourceTree = "<group>";
		};
		4BE852310A9F00FCEF54159E /* Pods */ = {
			isa = PBXGroup;
			children = (
				A0A0F810D472E5A6BA45F97B /* Pods-Insta.debug.xcconfig */,
				C5B4AF57A7D01B070676D812 /* Pods-Insta.release.xcconfig */,
				81E5A92D3578F5047CC1A534 /* Pods-InstaTests.debug.xcconfig */,
				D791EF4C10AD91D300A391C1 /* Pods-InstaTests.release.xcconfig */,
				252572DBD688E520714814A0 /* Pods-InstaUITests.debug.xcconfig */,
				B9C0E6CD77F8368873386CA3 /* Pods-InstaUITests.release.xcconfig */,
			);
			name = Pods;
			sourceTree = "<group>";
		};
		8443BE9F21D510CF00F883FD /* SQL */ = {
			isa = PBXGroup;
			children = (
				46E9B14A21FE03B7004EF77A /* Classes */,
				8443BEA021D510F900F883FD /* ModelSql.swift */,
				8443BEA421D518A400F883FD /* LastUpdateDates.swift */,
			);
			path = SQL;
			sourceTree = "<group>";
		};
		84459F5721C5265800E72391 /* Protocols */ = {
			isa = PBXGroup;
			children = (
				84BE0A4821BEC07E006BDA0D /* JsonProtocol.swift */,
			);
			path = Protocols;
			sourceTree = "<group>";
		};
		846EC05321BEE1DB000F221B /* FireBase */ = {
			isa = PBXGroup;
			children = (
				46E9B14921FE0392004EF77A /* Classes */,
				846EC05421BEE20F000F221B /* ModelFirebase.swift */,
				5860375F403F7193E95E4D27 /* FirebaseAuthUser.swift */,
				586036CDA7C7B7B8C0993BFD /* FirebaseStorage.swift */,
			);
			path = FireBase;
			sourceTree = "<group>";
		};
		84BE0A3921BEC04F006BDA0D /* Models */ = {
			isa = PBXGroup;
			children = (
				46E9B14421FDE766004EF77A /* extensions */,
				8443BE9F21D510CF00F883FD /* SQL */,
				46311D1A21CA846E00CA88AA /* Classes */,
				84459F5721C5265800E72391 /* Protocols */,
				846EC05321BEE1DB000F221B /* FireBase */,
				58603E0943EC9EC1B705F72F /* ModelNotification.swift */,
				586039B3CFA70C3D91F7E65F /* Model.swift */,
				46311D1B21CA875700CA88AA /* Insta-Bridging-Header.h */,
			);
			path = Models;
			sourceTree = "<group>";
		};
		F327B5BB73DE20521311A87B /* Frameworks */ = {
			isa = PBXGroup;
			children = (
				FC818AFABE6A5C9493189F59 /* Pods_Insta.framework */,
				994417D40DC470FEA5991B3C /* Pods_InstaTests.framework */,
				3AF6BEFB85ECD042F41519AD /* Pods_InstaUITests.framework */,
			);
			name = Frameworks;
			sourceTree = "<group>";
		};
/* End PBXGroup section */

/* Begin PBXNativeTarget section */
		463EFFC3219EE69A00E13CB0 /* Insta */ = {
			isa = PBXNativeTarget;
			buildConfigurationList = 463EFFEC219EE69B00E13CB0 /* Build configuration list for PBXNativeTarget "Insta" */;
			buildPhases = (
				24221CB89715F60EEEE0713D /* [CP] Check Pods Manifest.lock */,
				463EFFC0219EE69A00E13CB0 /* Sources */,
				463EFFC1219EE69A00E13CB0 /* Frameworks */,
				463EFFC2219EE69A00E13CB0 /* Resources */,
				0E11410EAD1313DA03225A2A /* [CP] Embed Pods Frameworks */,
				79C45DFCC0904C52646501C0 /* [CP] Copy Pods Resources */,
			);
			buildRules = (
			);
			dependencies = (
			);
			name = Insta;
			productName = Insta;
			productReference = 463EFFC4219EE69A00E13CB0 /* Insta.app */;
			productType = "com.apple.product-type.application";
		};
		463EFFD7219EE69A00E13CB0 /* InstaTests */ = {
			isa = PBXNativeTarget;
			buildConfigurationList = 463EFFEF219EE69B00E13CB0 /* Build configuration list for PBXNativeTarget "InstaTests" */;
			buildPhases = (
				83637E0EAD9F623D17292764 /* [CP] Check Pods Manifest.lock */,
				463EFFD4219EE69A00E13CB0 /* Sources */,
				463EFFD5219EE69A00E13CB0 /* Frameworks */,
				463EFFD6219EE69A00E13CB0 /* Resources */,
			);
			buildRules = (
			);
			dependencies = (
				463EFFDA219EE69A00E13CB0 /* PBXTargetDependency */,
			);
			name = InstaTests;
			productName = InstaTests;
			productReference = 463EFFD8219EE69A00E13CB0 /* InstaTests.xctest */;
			productType = "com.apple.product-type.bundle.unit-test";
		};
		463EFFE2219EE69B00E13CB0 /* InstaUITests */ = {
			isa = PBXNativeTarget;
			buildConfigurationList = 463EFFF2219EE69B00E13CB0 /* Build configuration list for PBXNativeTarget "InstaUITests" */;
			buildPhases = (
				D1A595BA1F8A23AE3161DFAC /* [CP] Check Pods Manifest.lock */,
				463EFFDF219EE69B00E13CB0 /* Sources */,
				463EFFE0219EE69B00E13CB0 /* Frameworks */,
				463EFFE1219EE69B00E13CB0 /* Resources */,
			);
			buildRules = (
			);
			dependencies = (
				463EFFE5219EE69B00E13CB0 /* PBXTargetDependency */,
			);
			name = InstaUITests;
			productName = InstaUITests;
			productReference = 463EFFE3219EE69B00E13CB0 /* InstaUITests.xctest */;
			productType = "com.apple.product-type.bundle.ui-testing";
		};
/* End PBXNativeTarget section */

/* Begin PBXProject section */
		463EFFBC219EE69A00E13CB0 /* Project object */ = {
			isa = PBXProject;
			attributes = {
				LastSwiftUpdateCheck = 1000;
				LastUpgradeCheck = 1000;
				ORGANIZATIONNAME = "Gil Yermiyah";
				TargetAttributes = {
					463EFFC3219EE69A00E13CB0 = {
						CreatedOnToolsVersion = 10.0;
						LastSwiftMigration = 1000;
					};
					463EFFD7219EE69A00E13CB0 = {
						CreatedOnToolsVersion = 10.0;
						TestTargetID = 463EFFC3219EE69A00E13CB0;
					};
					463EFFE2219EE69B00E13CB0 = {
						CreatedOnToolsVersion = 10.0;
						TestTargetID = 463EFFC3219EE69A00E13CB0;
					};
				};
			};
			buildConfigurationList = 463EFFBF219EE69A00E13CB0 /* Build configuration list for PBXProject "Insta" */;
			compatibilityVersion = "Xcode 9.3";
			developmentRegion = en;
			hasScannedForEncodings = 0;
			knownRegions = (
				en,
				Base,
			);
			mainGroup = 463EFFBB219EE69A00E13CB0;
			productRefGroup = 463EFFC5219EE69A00E13CB0 /* Products */;
			projectDirPath = "";
			projectRoot = "";
			targets = (
				463EFFC3219EE69A00E13CB0 /* Insta */,
				463EFFD7219EE69A00E13CB0 /* InstaTests */,
				463EFFE2219EE69B00E13CB0 /* InstaUITests */,
			);
		};
/* End PBXProject section */

/* Begin PBXResourcesBuildPhase section */
		463EFFC2219EE69A00E13CB0 /* Resources */ = {
			isa = PBXResourcesBuildPhase;
			buildActionMask = 2147483647;
			files = (
				463EFFD2219EE69A00E13CB0 /* LaunchScreen.storyboard in Resources */,
				46F14F1D21A40CAF00FC1CA3 /* GoogleService-Info.plist in Resources */,
				463EFFCF219EE69A00E13CB0 /* Assets.xcassets in Resources */,
				463EFFCD219EE69A00E13CB0 /* Main.storyboard in Resources */,
			);
			runOnlyForDeploymentPostprocessing = 0;
		};
		463EFFD6219EE69A00E13CB0 /* Resources */ = {
			isa = PBXResourcesBuildPhase;
			buildActionMask = 2147483647;
			files = (
			);
			runOnlyForDeploymentPostprocessing = 0;
		};
		463EFFE1219EE69B00E13CB0 /* Resources */ = {
			isa = PBXResourcesBuildPhase;
			buildActionMask = 2147483647;
			files = (
			);
			runOnlyForDeploymentPostprocessing = 0;
		};
/* End PBXResourcesBuildPhase section */

/* Begin PBXShellScriptBuildPhase section */
		0E11410EAD1313DA03225A2A /* [CP] Embed Pods Frameworks */ = {
			isa = PBXShellScriptBuildPhase;
			buildActionMask = 2147483647;
			files = (
			);
			inputPaths = (
				"${SRCROOT}/Pods/Target Support Files/Pods-Insta/Pods-Insta-frameworks.sh",
				"${BUILT_PRODUCTS_DIR}/Bolts/Bolts.framework",
				"${BUILT_PRODUCTS_DIR}/BoringSSL/openssl.framework",
				"${BUILT_PRODUCTS_DIR}/FBSDKCoreKit/FBSDKCoreKit.framework",
				"${BUILT_PRODUCTS_DIR}/FBSDKLoginKit/FBSDKLoginKit.framework",
				"${BUILT_PRODUCTS_DIR}/GTMSessionFetcher/GTMSessionFetcher.framework",
				"${BUILT_PRODUCTS_DIR}/GoogleToolboxForMac/GoogleToolboxForMac.framework",
				"${BUILT_PRODUCTS_DIR}/GoogleUtilities/GoogleUtilities.framework",
				"${BUILT_PRODUCTS_DIR}/Protobuf/Protobuf.framework",
				"${BUILT_PRODUCTS_DIR}/SDWebImage/SDWebImage.framework",
				"${PODS_ROOT}/TwitterCore/iOS/TwitterCore.framework",
				"${PODS_ROOT}/TwitterKit/iOS/TwitterKit.framework",
				"${BUILT_PRODUCTS_DIR}/gRPC-C++/grpcpp.framework",
				"${BUILT_PRODUCTS_DIR}/gRPC-Core/grpc.framework",
				"${BUILT_PRODUCTS_DIR}/leveldb-library/leveldb.framework",
				"${BUILT_PRODUCTS_DIR}/nanopb/nanopb.framework",
			);
			name = "[CP] Embed Pods Frameworks";
			outputPaths = (
				"${TARGET_BUILD_DIR}/${FRAMEWORKS_FOLDER_PATH}/Bolts.framework",
				"${TARGET_BUILD_DIR}/${FRAMEWORKS_FOLDER_PATH}/openssl.framework",
				"${TARGET_BUILD_DIR}/${FRAMEWORKS_FOLDER_PATH}/FBSDKCoreKit.framework",
				"${TARGET_BUILD_DIR}/${FRAMEWORKS_FOLDER_PATH}/FBSDKLoginKit.framework",
				"${TARGET_BUILD_DIR}/${FRAMEWORKS_FOLDER_PATH}/GTMSessionFetcher.framework",
				"${TARGET_BUILD_DIR}/${FRAMEWORKS_FOLDER_PATH}/GoogleToolboxForMac.framework",
				"${TARGET_BUILD_DIR}/${FRAMEWORKS_FOLDER_PATH}/GoogleUtilities.framework",
				"${TARGET_BUILD_DIR}/${FRAMEWORKS_FOLDER_PATH}/Protobuf.framework",
				"${TARGET_BUILD_DIR}/${FRAMEWORKS_FOLDER_PATH}/SDWebImage.framework",
				"${TARGET_BUILD_DIR}/${FRAMEWORKS_FOLDER_PATH}/TwitterCore.framework",
				"${TARGET_BUILD_DIR}/${FRAMEWORKS_FOLDER_PATH}/TwitterKit.framework",
				"${TARGET_BUILD_DIR}/${FRAMEWORKS_FOLDER_PATH}/grpcpp.framework",
				"${TARGET_BUILD_DIR}/${FRAMEWORKS_FOLDER_PATH}/grpc.framework",
				"${TARGET_BUILD_DIR}/${FRAMEWORKS_FOLDER_PATH}/leveldb.framework",
				"${TARGET_BUILD_DIR}/${FRAMEWORKS_FOLDER_PATH}/nanopb.framework",
			);
			runOnlyForDeploymentPostprocessing = 0;
			shellPath = /bin/sh;
			shellScript = "\"${SRCROOT}/Pods/Target Support Files/Pods-Insta/Pods-Insta-frameworks.sh\"\n";
			showEnvVarsInLog = 0;
		};
		24221CB89715F60EEEE0713D /* [CP] Check Pods Manifest.lock */ = {
			isa = PBXShellScriptBuildPhase;
			buildActionMask = 2147483647;
			files = (
			);
			inputPaths = (
				"${PODS_PODFILE_DIR_PATH}/Podfile.lock",
				"${PODS_ROOT}/Manifest.lock",
			);
			name = "[CP] Check Pods Manifest.lock";
			outputPaths = (
				"$(DERIVED_FILE_DIR)/Pods-Insta-checkManifestLockResult.txt",
			);
			runOnlyForDeploymentPostprocessing = 0;
			shellPath = /bin/sh;
			shellScript = "diff \"${PODS_PODFILE_DIR_PATH}/Podfile.lock\" \"${PODS_ROOT}/Manifest.lock\" > /dev/null\nif [ $? != 0 ] ; then\n    # print error to STDERR\n    echo \"error: The sandbox is not in sync with the Podfile.lock. Run 'pod install' or update your CocoaPods installation.\" >&2\n    exit 1\nfi\n# This output is used by Xcode 'outputs' to avoid re-running this script phase.\necho \"SUCCESS\" > \"${SCRIPT_OUTPUT_FILE_0}\"\n";
			showEnvVarsInLog = 0;
		};
		79C45DFCC0904C52646501C0 /* [CP] Copy Pods Resources */ = {
			isa = PBXShellScriptBuildPhase;
			buildActionMask = 2147483647;
			files = (
			);
			inputPaths = (
				"${SRCROOT}/Pods/Target Support Files/Pods-Insta/Pods-Insta-resources.sh",
				"${PODS_CONFIGURATION_BUILD_DIR}/FirebaseFirestore/gRPCCertificates-Firestore.bundle",
				"${PODS_CONFIGURATION_BUILD_DIR}/FirebaseUI/FirebaseAnonymousAuthUI.bundle",
				"${PODS_CONFIGURATION_BUILD_DIR}/FirebaseUI/FirebaseAuthUI.bundle",
				"${PODS_CONFIGURATION_BUILD_DIR}/FirebaseUI/FirebaseFacebookAuthUI.bundle",
				"${PODS_CONFIGURATION_BUILD_DIR}/FirebaseUI/FirebaseGoogleAuthUI.bundle",
				"${PODS_CONFIGURATION_BUILD_DIR}/FirebaseUI/FirebasePhoneAuthUI.bundle",
				"${PODS_CONFIGURATION_BUILD_DIR}/FirebaseUI/FirebaseTwitterAuthUI.bundle",
				"${PODS_ROOT}/GoogleSignIn/Resources/GoogleSignIn.bundle",
				"${PODS_ROOT}/TwitterKit/iOS/TwitterKit.framework/TwitterKitResources.bundle",
			);
			name = "[CP] Copy Pods Resources";
			outputPaths = (
				"${TARGET_BUILD_DIR}/${UNLOCALIZED_RESOURCES_FOLDER_PATH}/gRPCCertificates-Firestore.bundle",
				"${TARGET_BUILD_DIR}/${UNLOCALIZED_RESOURCES_FOLDER_PATH}/FirebaseAnonymousAuthUI.bundle",
				"${TARGET_BUILD_DIR}/${UNLOCALIZED_RESOURCES_FOLDER_PATH}/FirebaseAuthUI.bundle",
				"${TARGET_BUILD_DIR}/${UNLOCALIZED_RESOURCES_FOLDER_PATH}/FirebaseFacebookAuthUI.bundle",
				"${TARGET_BUILD_DIR}/${UNLOCALIZED_RESOURCES_FOLDER_PATH}/FirebaseGoogleAuthUI.bundle",
				"${TARGET_BUILD_DIR}/${UNLOCALIZED_RESOURCES_FOLDER_PATH}/FirebasePhoneAuthUI.bundle",
				"${TARGET_BUILD_DIR}/${UNLOCALIZED_RESOURCES_FOLDER_PATH}/FirebaseTwitterAuthUI.bundle",
				"${TARGET_BUILD_DIR}/${UNLOCALIZED_RESOURCES_FOLDER_PATH}/GoogleSignIn.bundle",
				"${TARGET_BUILD_DIR}/${UNLOCALIZED_RESOURCES_FOLDER_PATH}/TwitterKitResources.bundle",
			);
			runOnlyForDeploymentPostprocessing = 0;
			shellPath = /bin/sh;
			shellScript = "\"${SRCROOT}/Pods/Target Support Files/Pods-Insta/Pods-Insta-resources.sh\"\n";
			showEnvVarsInLog = 0;
		};
		83637E0EAD9F623D17292764 /* [CP] Check Pods Manifest.lock */ = {
			isa = PBXShellScriptBuildPhase;
			buildActionMask = 2147483647;
			files = (
			);
			inputPaths = (
				"${PODS_PODFILE_DIR_PATH}/Podfile.lock",
				"${PODS_ROOT}/Manifest.lock",
			);
			name = "[CP] Check Pods Manifest.lock";
			outputPaths = (
				"$(DERIVED_FILE_DIR)/Pods-InstaTests-checkManifestLockResult.txt",
			);
			runOnlyForDeploymentPostprocessing = 0;
			shellPath = /bin/sh;
			shellScript = "diff \"${PODS_PODFILE_DIR_PATH}/Podfile.lock\" \"${PODS_ROOT}/Manifest.lock\" > /dev/null\nif [ $? != 0 ] ; then\n    # print error to STDERR\n    echo \"error: The sandbox is not in sync with the Podfile.lock. Run 'pod install' or update your CocoaPods installation.\" >&2\n    exit 1\nfi\n# This output is used by Xcode 'outputs' to avoid re-running this script phase.\necho \"SUCCESS\" > \"${SCRIPT_OUTPUT_FILE_0}\"\n";
			showEnvVarsInLog = 0;
		};
		D1A595BA1F8A23AE3161DFAC /* [CP] Check Pods Manifest.lock */ = {
			isa = PBXShellScriptBuildPhase;
			buildActionMask = 2147483647;
			files = (
			);
			inputPaths = (
				"${PODS_PODFILE_DIR_PATH}/Podfile.lock",
				"${PODS_ROOT}/Manifest.lock",
			);
			name = "[CP] Check Pods Manifest.lock";
			outputPaths = (
				"$(DERIVED_FILE_DIR)/Pods-InstaUITests-checkManifestLockResult.txt",
			);
			runOnlyForDeploymentPostprocessing = 0;
			shellPath = /bin/sh;
			shellScript = "diff \"${PODS_PODFILE_DIR_PATH}/Podfile.lock\" \"${PODS_ROOT}/Manifest.lock\" > /dev/null\nif [ $? != 0 ] ; then\n    # print error to STDERR\n    echo \"error: The sandbox is not in sync with the Podfile.lock. Run 'pod install' or update your CocoaPods installation.\" >&2\n    exit 1\nfi\n# This output is used by Xcode 'outputs' to avoid re-running this script phase.\necho \"SUCCESS\" > \"${SCRIPT_OUTPUT_FILE_0}\"\n";
			showEnvVarsInLog = 0;
		};
/* End PBXShellScriptBuildPhase section */

/* Begin PBXSourcesBuildPhase section */
		463EFFC0219EE69A00E13CB0 /* Sources */ = {
			isa = PBXSourcesBuildPhase;
			buildActionMask = 2147483647;
			files = (
				84BE0A4D21BEC07E006BDA0D /* User.swift in Sources */,
				8443BE9E21D50E7800F883FD /* Following.swift in Sources */,
				84BE0A4C21BEC07E006BDA0D /* Post.swift in Sources */,
				46311D2021CA894C00CA88AA /* MyDate.swift in Sources */,
				84BE0A5021BEC07E006BDA0D /* Comment.swift in Sources */,
				463EFFCA219EE69A00E13CB0 /* ViewController.swift in Sources */,
				846EC05721BEE32E000F221B /* FirebaseUser.swift in Sources */,
				8443BEA321D5114F00F883FD /* UserSQL.swift in Sources */,
				8443BEA121D510F900F883FD /* ModelSql.swift in Sources */,
				463EFFC8219EE69A00E13CB0 /* AppDelegate.swift in Sources */,
				846EC05521BEE20F000F221B /* ModelFirebase.swift in Sources */,
				84BE0A4E21BEC07E006BDA0D /* JsonProtocol.swift in Sources */,
				46E9B14621FDEF22004EF77A /* FirebasePost.swift in Sources */,
				58603F77118AF288548EC89D /* FirebaseAuthUser.swift in Sources */,
				586036C7A00767397715AA08 /* ModelNotification.swift in Sources */,
				8443BEA521D518A400F883FD /* LastUpdateDates.swift in Sources */,
				5860373F493C8D76D118F9D6 /* Model.swift in Sources */,
				586034723EC6E8E6190DDA45 /* FirebaseStorage.swift in Sources */,
			);
			runOnlyForDeploymentPostprocessing = 0;
		};
		463EFFD4219EE69A00E13CB0 /* Sources */ = {
			isa = PBXSourcesBuildPhase;
			buildActionMask = 2147483647;
			files = (
				463EFFDD219EE69A00E13CB0 /* InstaTests.swift in Sources */,
			);
			runOnlyForDeploymentPostprocessing = 0;
		};
		463EFFDF219EE69B00E13CB0 /* Sources */ = {
			isa = PBXSourcesBuildPhase;
			buildActionMask = 2147483647;
			files = (
				463EFFE8219EE69B00E13CB0 /* InstaUITests.swift in Sources */,
			);
			runOnlyForDeploymentPostprocessing = 0;
		};
/* End PBXSourcesBuildPhase section */

/* Begin PBXTargetDependency section */
		463EFFDA219EE69A00E13CB0 /* PBXTargetDependency */ = {
			isa = PBXTargetDependency;
			target = 463EFFC3219EE69A00E13CB0 /* Insta */;
			targetProxy = 463EFFD9219EE69A00E13CB0 /* PBXContainerItemProxy */;
		};
		463EFFE5219EE69B00E13CB0 /* PBXTargetDependency */ = {
			isa = PBXTargetDependency;
			target = 463EFFC3219EE69A00E13CB0 /* Insta */;
			targetProxy = 463EFFE4219EE69B00E13CB0 /* PBXContainerItemProxy */;
		};
/* End PBXTargetDependency section */

/* Begin PBXVariantGroup section */
		463EFFCB219EE69A00E13CB0 /* Main.storyboard */ = {
			isa = PBXVariantGroup;
			children = (
				463EFFCC219EE69A00E13CB0 /* Base */,
			);
			name = Main.storyboard;
			sourceTree = "<group>";
		};
		463EFFD0219EE69A00E13CB0 /* LaunchScreen.storyboard */ = {
			isa = PBXVariantGroup;
			children = (
				463EFFD1219EE69A00E13CB0 /* Base */,
			);
			name = LaunchScreen.storyboard;
			sourceTree = "<group>";
		};
/* End PBXVariantGroup section */

/* Begin XCBuildConfiguration section */
		463EFFEA219EE69B00E13CB0 /* Debug */ = {
			isa = XCBuildConfiguration;
			buildSettings = {
				ALWAYS_SEARCH_USER_PATHS = NO;
				CLANG_ANALYZER_NONNULL = YES;
				CLANG_ANALYZER_NUMBER_OBJECT_CONVERSION = YES_AGGRESSIVE;
				CLANG_CXX_LANGUAGE_STANDARD = "gnu++14";
				CLANG_CXX_LIBRARY = "libc++";
				CLANG_ENABLE_MODULES = YES;
				CLANG_ENABLE_OBJC_ARC = YES;
				CLANG_ENABLE_OBJC_WEAK = YES;
				CLANG_WARN_BLOCK_CAPTURE_AUTORELEASING = YES;
				CLANG_WARN_BOOL_CONVERSION = YES;
				CLANG_WARN_COMMA = YES;
				CLANG_WARN_CONSTANT_CONVERSION = YES;
				CLANG_WARN_DEPRECATED_OBJC_IMPLEMENTATIONS = YES;
				CLANG_WARN_DIRECT_OBJC_ISA_USAGE = YES_ERROR;
				CLANG_WARN_DOCUMENTATION_COMMENTS = YES;
				CLANG_WARN_EMPTY_BODY = YES;
				CLANG_WARN_ENUM_CONVERSION = YES;
				CLANG_WARN_INFINITE_RECURSION = YES;
				CLANG_WARN_INT_CONVERSION = YES;
				CLANG_WARN_NON_LITERAL_NULL_CONVERSION = YES;
				CLANG_WARN_OBJC_IMPLICIT_RETAIN_SELF = YES;
				CLANG_WARN_OBJC_LITERAL_CONVERSION = YES;
				CLANG_WARN_OBJC_ROOT_CLASS = YES_ERROR;
				CLANG_WARN_RANGE_LOOP_ANALYSIS = YES;
				CLANG_WARN_STRICT_PROTOTYPES = YES;
				CLANG_WARN_SUSPICIOUS_MOVE = YES;
				CLANG_WARN_UNGUARDED_AVAILABILITY = YES_AGGRESSIVE;
				CLANG_WARN_UNREACHABLE_CODE = YES;
				CLANG_WARN__DUPLICATE_METHOD_MATCH = YES;
				CODE_SIGN_IDENTITY = "iPhone Developer";
				COPY_PHASE_STRIP = NO;
				DEBUG_INFORMATION_FORMAT = dwarf;
				ENABLE_STRICT_OBJC_MSGSEND = YES;
				ENABLE_TESTABILITY = YES;
				GCC_C_LANGUAGE_STANDARD = gnu11;
				GCC_DYNAMIC_NO_PIC = NO;
				GCC_NO_COMMON_BLOCKS = YES;
				GCC_OPTIMIZATION_LEVEL = 0;
				GCC_PREPROCESSOR_DEFINITIONS = (
					"DEBUG=1",
					"$(inherited)",
				);
				GCC_WARN_64_TO_32_BIT_CONVERSION = YES;
				GCC_WARN_ABOUT_RETURN_TYPE = YES_ERROR;
				GCC_WARN_UNDECLARED_SELECTOR = YES;
				GCC_WARN_UNINITIALIZED_AUTOS = YES_AGGRESSIVE;
				GCC_WARN_UNUSED_FUNCTION = YES;
				GCC_WARN_UNUSED_VARIABLE = YES;
				IPHONEOS_DEPLOYMENT_TARGET = 12.0;
				MTL_ENABLE_DEBUG_INFO = INCLUDE_SOURCE;
				MTL_FAST_MATH = YES;
				ONLY_ACTIVE_ARCH = YES;
				SDKROOT = iphoneos;
				SWIFT_ACTIVE_COMPILATION_CONDITIONS = DEBUG;
				SWIFT_OPTIMIZATION_LEVEL = "-Onone";
			};
			name = Debug;
		};
		463EFFEB219EE69B00E13CB0 /* Release */ = {
			isa = XCBuildConfiguration;
			buildSettings = {
				ALWAYS_SEARCH_USER_PATHS = NO;
				CLANG_ANALYZER_NONNULL = YES;
				CLANG_ANALYZER_NUMBER_OBJECT_CONVERSION = YES_AGGRESSIVE;
				CLANG_CXX_LANGUAGE_STANDARD = "gnu++14";
				CLANG_CXX_LIBRARY = "libc++";
				CLANG_ENABLE_MODULES = YES;
				CLANG_ENABLE_OBJC_ARC = YES;
				CLANG_ENABLE_OBJC_WEAK = YES;
				CLANG_WARN_BLOCK_CAPTURE_AUTORELEASING = YES;
				CLANG_WARN_BOOL_CONVERSION = YES;
				CLANG_WARN_COMMA = YES;
				CLANG_WARN_CONSTANT_CONVERSION = YES;
				CLANG_WARN_DEPRECATED_OBJC_IMPLEMENTATIONS = YES;
				CLANG_WARN_DIRECT_OBJC_ISA_USAGE = YES_ERROR;
				CLANG_WARN_DOCUMENTATION_COMMENTS = YES;
				CLANG_WARN_EMPTY_BODY = YES;
				CLANG_WARN_ENUM_CONVERSION = YES;
				CLANG_WARN_INFINITE_RECURSION = YES;
				CLANG_WARN_INT_CONVERSION = YES;
				CLANG_WARN_NON_LITERAL_NULL_CONVERSION = YES;
				CLANG_WARN_OBJC_IMPLICIT_RETAIN_SELF = YES;
				CLANG_WARN_OBJC_LITERAL_CONVERSION = YES;
				CLANG_WARN_OBJC_ROOT_CLASS = YES_ERROR;
				CLANG_WARN_RANGE_LOOP_ANALYSIS = YES;
				CLANG_WARN_STRICT_PROTOTYPES = YES;
				CLANG_WARN_SUSPICIOUS_MOVE = YES;
				CLANG_WARN_UNGUARDED_AVAILABILITY = YES_AGGRESSIVE;
				CLANG_WARN_UNREACHABLE_CODE = YES;
				CLANG_WARN__DUPLICATE_METHOD_MATCH = YES;
				CODE_SIGN_IDENTITY = "iPhone Developer";
				COPY_PHASE_STRIP = NO;
				DEBUG_INFORMATION_FORMAT = "dwarf-with-dsym";
				ENABLE_NS_ASSERTIONS = NO;
				ENABLE_STRICT_OBJC_MSGSEND = YES;
				GCC_C_LANGUAGE_STANDARD = gnu11;
				GCC_NO_COMMON_BLOCKS = YES;
				GCC_WARN_64_TO_32_BIT_CONVERSION = YES;
				GCC_WARN_ABOUT_RETURN_TYPE = YES_ERROR;
				GCC_WARN_UNDECLARED_SELECTOR = YES;
				GCC_WARN_UNINITIALIZED_AUTOS = YES_AGGRESSIVE;
				GCC_WARN_UNUSED_FUNCTION = YES;
				GCC_WARN_UNUSED_VARIABLE = YES;
				IPHONEOS_DEPLOYMENT_TARGET = 12.0;
				MTL_ENABLE_DEBUG_INFO = NO;
				MTL_FAST_MATH = YES;
				SDKROOT = iphoneos;
				SWIFT_COMPILATION_MODE = wholemodule;
				SWIFT_OPTIMIZATION_LEVEL = "-O";
				VALIDATE_PRODUCT = YES;
			};
			name = Release;
		};
		463EFFED219EE69B00E13CB0 /* Debug */ = {
			isa = XCBuildConfiguration;
			baseConfigurationReference = A0A0F810D472E5A6BA45F97B /* Pods-Insta.debug.xcconfig */;
			buildSettings = {
				ASSETCATALOG_COMPILER_APPICON_NAME = AppIcon;
				CLANG_ENABLE_MODULES = YES;
				CODE_SIGN_STYLE = Automatic;
				INFOPLIST_FILE = Insta/Info.plist;
				LD_RUNPATH_SEARCH_PATHS = (
					"$(inherited)",
					"@executable_path/Frameworks",
				);
				PRODUCT_BUNDLE_IDENTIFIER = gilyerm.Insta;
				PRODUCT_NAME = "$(TARGET_NAME)";
				SWIFT_OBJC_BRIDGING_HEADER = "Insta/Models/Insta-Bridging-Header.h";
				SWIFT_OPTIMIZATION_LEVEL = "-Onone";
				SWIFT_VERSION = 4.2;
				TARGETED_DEVICE_FAMILY = "1,2";
			};
			name = Debug;
		};
		463EFFEE219EE69B00E13CB0 /* Release */ = {
			isa = XCBuildConfiguration;
			baseConfigurationReference = C5B4AF57A7D01B070676D812 /* Pods-Insta.release.xcconfig */;
			buildSettings = {
				ASSETCATALOG_COMPILER_APPICON_NAME = AppIcon;
				CLANG_ENABLE_MODULES = YES;
				CODE_SIGN_STYLE = Automatic;
				INFOPLIST_FILE = Insta/Info.plist;
				LD_RUNPATH_SEARCH_PATHS = (
					"$(inherited)",
					"@executable_path/Frameworks",
				);
				PRODUCT_BUNDLE_IDENTIFIER = gilyerm.Insta;
				PRODUCT_NAME = "$(TARGET_NAME)";
				SWIFT_OBJC_BRIDGING_HEADER = "Insta/Models/Insta-Bridging-Header.h";
				SWIFT_VERSION = 4.2;
				TARGETED_DEVICE_FAMILY = "1,2";
			};
			name = Release;
		};
		463EFFF0219EE69B00E13CB0 /* Debug */ = {
			isa = XCBuildConfiguration;
			baseConfigurationReference = 81E5A92D3578F5047CC1A534 /* Pods-InstaTests.debug.xcconfig */;
			buildSettings = {
				ALWAYS_EMBED_SWIFT_STANDARD_LIBRARIES = YES;
				BUNDLE_LOADER = "$(TEST_HOST)";
				CODE_SIGN_STYLE = Automatic;
				INFOPLIST_FILE = InstaTests/Info.plist;
				LD_RUNPATH_SEARCH_PATHS = (
					"$(inherited)",
					"@executable_path/Frameworks",
					"@loader_path/Frameworks",
				);
				PRODUCT_BUNDLE_IDENTIFIER = gilyerm.InstaTests;
				PRODUCT_NAME = "$(TARGET_NAME)";
				SWIFT_VERSION = 4.2;
				TARGETED_DEVICE_FAMILY = "1,2";
				TEST_HOST = "$(BUILT_PRODUCTS_DIR)/Insta.app/Insta";
			};
			name = Debug;
		};
		463EFFF1219EE69B00E13CB0 /* Release */ = {
			isa = XCBuildConfiguration;
			baseConfigurationReference = D791EF4C10AD91D300A391C1 /* Pods-InstaTests.release.xcconfig */;
			buildSettings = {
				ALWAYS_EMBED_SWIFT_STANDARD_LIBRARIES = YES;
				BUNDLE_LOADER = "$(TEST_HOST)";
				CODE_SIGN_STYLE = Automatic;
				INFOPLIST_FILE = InstaTests/Info.plist;
				LD_RUNPATH_SEARCH_PATHS = (
					"$(inherited)",
					"@executable_path/Frameworks",
					"@loader_path/Frameworks",
				);
				PRODUCT_BUNDLE_IDENTIFIER = gilyerm.InstaTests;
				PRODUCT_NAME = "$(TARGET_NAME)";
				SWIFT_VERSION = 4.2;
				TARGETED_DEVICE_FAMILY = "1,2";
				TEST_HOST = "$(BUILT_PRODUCTS_DIR)/Insta.app/Insta";
			};
			name = Release;
		};
		463EFFF3219EE69B00E13CB0 /* Debug */ = {
			isa = XCBuildConfiguration;
			baseConfigurationReference = 252572DBD688E520714814A0 /* Pods-InstaUITests.debug.xcconfig */;
			buildSettings = {
				ALWAYS_EMBED_SWIFT_STANDARD_LIBRARIES = YES;
				CODE_SIGN_STYLE = Automatic;
				INFOPLIST_FILE = InstaUITests/Info.plist;
				LD_RUNPATH_SEARCH_PATHS = (
					"$(inherited)",
					"@executable_path/Frameworks",
					"@loader_path/Frameworks",
				);
				PRODUCT_BUNDLE_IDENTIFIER = gilyerm.InstaUITests;
				PRODUCT_NAME = "$(TARGET_NAME)";
				SWIFT_VERSION = 4.2;
				TARGETED_DEVICE_FAMILY = "1,2";
				TEST_TARGET_NAME = Insta;
			};
			name = Debug;
		};
		463EFFF4219EE69B00E13CB0 /* Release */ = {
			isa = XCBuildConfiguration;
			baseConfigurationReference = B9C0E6CD77F8368873386CA3 /* Pods-InstaUITests.release.xcconfig */;
			buildSettings = {
				ALWAYS_EMBED_SWIFT_STANDARD_LIBRARIES = YES;
				CODE_SIGN_STYLE = Automatic;
				INFOPLIST_FILE = InstaUITests/Info.plist;
				LD_RUNPATH_SEARCH_PATHS = (
					"$(inherited)",
					"@executable_path/Frameworks",
					"@loader_path/Frameworks",
				);
				PRODUCT_BUNDLE_IDENTIFIER = gilyerm.InstaUITests;
				PRODUCT_NAME = "$(TARGET_NAME)";
				SWIFT_VERSION = 4.2;
				TARGETED_DEVICE_FAMILY = "1,2";
				TEST_TARGET_NAME = Insta;
			};
			name = Release;
		};
/* End XCBuildConfiguration section */

/* Begin XCConfigurationList section */
		463EFFBF219EE69A00E13CB0 /* Build configuration list for PBXProject "Insta" */ = {
			isa = XCConfigurationList;
			buildConfigurations = (
				463EFFEA219EE69B00E13CB0 /* Debug */,
				463EFFEB219EE69B00E13CB0 /* Release */,
			);
			defaultConfigurationIsVisible = 0;
			defaultConfigurationName = Release;
		};
		463EFFEC219EE69B00E13CB0 /* Build configuration list for PBXNativeTarget "Insta" */ = {
			isa = XCConfigurationList;
			buildConfigurations = (
				463EFFED219EE69B00E13CB0 /* Debug */,
				463EFFEE219EE69B00E13CB0 /* Release */,
			);
			defaultConfigurationIsVisible = 0;
			defaultConfigurationName = Release;
		};
		463EFFEF219EE69B00E13CB0 /* Build configuration list for PBXNativeTarget "InstaTests" */ = {
			isa = XCConfigurationList;
			buildConfigurations = (
				463EFFF0219EE69B00E13CB0 /* Debug */,
				463EFFF1219EE69B00E13CB0 /* Release */,
			);
			defaultConfigurationIsVisible = 0;
			defaultConfigurationName = Release;
		};
		463EFFF2219EE69B00E13CB0 /* Build configuration list for PBXNativeTarget "InstaUITests" */ = {
			isa = XCConfigurationList;
			buildConfigurations = (
				463EFFF3219EE69B00E13CB0 /* Debug */,
				463EFFF4219EE69B00E13CB0 /* Release */,
			);
			defaultConfigurationIsVisible = 0;
			defaultConfigurationName = Release;
		};
/* End XCConfigurationList section */
	};
	rootObject = 463EFFBC219EE69A00E13CB0 /* Project object */;
}
